// !$*UTF8*$!
{
	archiveVersion = 1;
	classes = {
	};
	objectVersion = 100;
	objects = {

/* Begin PBXBuildFile section */
		645DF8282D306D0B005D8731 /* Lille.gpx in Resources */ = {isa = PBXBuildFile; fileRef = 645DF8272D306D0B005D8731 /* Lille.gpx */; };
		645DF82B2D306E5D005D8731 /* Stockholm.gpx in Resources */ = {isa = PBXBuildFile; fileRef = 645DF82A2D306E5D005D8731 /* Stockholm.gpx */; };
		6464E51C2BA5C3ED0039C387 /* FirebaseAnalytics in Frameworks */ = {isa = PBXBuildFile; productRef = 6464E51B2BA5C3ED0039C387 /* FirebaseAnalytics */; };
		6464E5202BA5C3ED0039C387 /* FirebaseAuth in Frameworks */ = {isa = PBXBuildFile; productRef = 6464E51F2BA5C3ED0039C387 /* FirebaseAuth */; };
		6464E5222BA5C3ED0039C387 /* FirebaseCrashlytics in Frameworks */ = {isa = PBXBuildFile; productRef = 6464E5212BA5C3ED0039C387 /* FirebaseCrashlytics */; };
		6464E5242BA5C3ED0039C387 /* FirebaseFirestore in Frameworks */ = {isa = PBXBuildFile; productRef = 6464E5232BA5C3ED0039C387 /* FirebaseFirestore */; };
		6464E5262BA5C3ED0039C387 /* FirebaseFirestoreCombine-Community in Frameworks */ = {isa = PBXBuildFile; productRef = 6464E5252BA5C3ED0039C387 /* FirebaseFirestoreCombine-Community */; };
		6464E52A2BA5C3ED0039C387 /* FirebaseFunctions in Frameworks */ = {isa = PBXBuildFile; productRef = 6464E5292BA5C3ED0039C387 /* FirebaseFunctions */; };
		6464E52C2BA5C3ED0039C387 /* FirebaseFunctionsCombine-Community in Frameworks */ = {isa = PBXBuildFile; productRef = 6464E52B2BA5C3ED0039C387 /* FirebaseFunctionsCombine-Community */; };
		6464E52E2BA5C3ED0039C387 /* FirebaseInAppMessaging-Beta in Frameworks */ = {isa = PBXBuildFile; productRef = 6464E52D2BA5C3ED0039C387 /* FirebaseInAppMessaging-Beta */; };
		648F56402CF3DC4900B1BC28 /* ComposableArchitecture in Frameworks */ = {isa = PBXBuildFile; productRef = 648F563F2CF3DC4900B1BC28 /* ComposableArchitecture */; };
		64CE0F842CEE8E8200762232 /* Localizable.xcstrings in Resources */ = {isa = PBXBuildFile; fileRef = 64CE0F832CEE8E8200762232 /* Localizable.xcstrings */; };
		BB0000012F47000100000001 /* Sharing in Frameworks */ = {isa = PBXBuildFile; productRef = BB0000022F47000100000001 /* Sharing */; };
		BB0000032F47000100000001 /* Clocks in Frameworks */ = {isa = PBXBuildFile; productRef = BB0000042F47000100000001 /* Clocks */; };
		BB0000052F47000100000001 /* CasePathsCore in Frameworks */ = {isa = PBXBuildFile; productRef = BB0000062F47000100000001 /* CasePathsCore */; };
		BB0000072F47000100000001 /* Dependencies in Frameworks */ = {isa = PBXBuildFile; productRef = BB0000082F47000100000001 /* Dependencies */; };
		BB0000092F47000100000001 /* SwiftNavigation in Frameworks */ = {isa = PBXBuildFile; productRef = BB00000A2F47000100000001 /* SwiftNavigation */; };
		F90899CC2F58B24D0006C8DF /* FirebaseMessaging in Frameworks */ = {isa = PBXBuildFile; productRef = F90899CB2F58B24D0006C8DF /* FirebaseMessaging */; };
		F9A8B0382F828F36008B15E2 /* SnapshotTesting in Frameworks */ = {isa = PBXBuildFile; productRef = F9A8B0372F828F36008B15E2 /* SnapshotTesting */; };
		F9A8B0472F829079008B15E2 /* SnapshotTesting in Frameworks */ = {isa = PBXBuildFile; productRef = F9A8B0462F829079008B15E2 /* SnapshotTesting */; };
		F9B1BE232F58DCD200E066D6 /* WidgetKit.framework in Frameworks */ = {isa = PBXBuildFile; fileRef = F9B1BE222F58DCD200E066D6 /* WidgetKit.framework */; };
		F9B1BE252F58DCD200E066D6 /* SwiftUI.framework in Frameworks */ = {isa = PBXBuildFile; fileRef = F9B1BE242F58DCD200E066D6 /* SwiftUI.framework */; };
		F9B1BE322F58DCD300E066D6 /* PoulePartyWidgetsExtension.appex in Embed Foundation Extensions */ = {isa = PBXBuildFile; fileRef = F9B1BE202F58DCD200E066D6 /* PoulePartyWidgetsExtension.appex */; settings = {ATTRIBUTES = (RemoveHeadersOnCopy, ); }; };
		F9B5A2222F53A73B004EBFD7 /* MapboxMaps in Frameworks */ = {isa = PBXBuildFile; productRef = F9B5A2212F53A73B004EBFD7 /* MapboxMaps */; };
		F9D782492F97E4CD006D6113 /* StripePaymentSheet in Frameworks */ = {isa = PBXBuildFile; productRef = F9C0F0022F90010100000001 /* StripePaymentSheet */; };
/* End PBXBuildFile section */

/* Begin PBXContainerItemProxy section */
		646D8E3D2F467E520068ABBF /* PBXContainerItemProxy */ = {
			isa = PBXContainerItemProxy;
			containerPortal = 647D9FB92BA3ABF2005B6566 /* Project object */;
			proxyType = 1;
			remoteGlobalIDString = 647D9FC02BA3ABF2005B6566;
			remoteInfo = PouleParty;
		};
		F9A8B0412F829054008B15E2 /* PBXContainerItemProxy */ = {
			isa = PBXContainerItemProxy;
			containerPortal = 647D9FB92BA3ABF2005B6566 /* Project object */;
			proxyType = 1;
			remoteGlobalIDString = 647D9FC02BA3ABF2005B6566;
			remoteInfo = PouleParty;
		};
		F9B1BE302F58DCD300E066D6 /* PBXContainerItemProxy */ = {
			isa = PBXContainerItemProxy;
			containerPortal = 647D9FB92BA3ABF2005B6566 /* Project object */;
			proxyType = 1;
			remoteGlobalIDString = F9B1BE1F2F58DCD200E066D6;
			remoteInfo = PoulePartyWidgetsExtension;
		};
/* End PBXContainerItemProxy section */

/* Begin PBXCopyFilesBuildPhase section */
		F9B1BE372F58DCD300E066D6 /* Embed Foundation Extensions */ = {
			isa = PBXCopyFilesBuildPhase;
			dstPath = "";
			dstSubfolder = PlugIns;
			files = (
				F9B1BE322F58DCD300E066D6 /* PoulePartyWidgetsExtension.appex in Embed Foundation Extensions */,
			);
			name = "Embed Foundation Extensions";
		};
/* End PBXCopyFilesBuildPhase section */

/* Begin PBXFileReference section */
		6405C2912BFC871B00A35A50 /* Bxl.gpx */ = {isa = PBXFileReference; lastKnownFileType = text.xml; path = Bxl.gpx; sourceTree = "<group>"; };
		643A59942BC9C1E8002B53B6 /* Lasne.gpx */ = {isa = PBXFileReference; lastKnownFileType = text.xml; path = Lasne.gpx; sourceTree = "<group>"; };
		643A59952BC9C38B002B53B6 /* Namur.gpx */ = {isa = PBXFileReference; lastKnownFileType = text.xml; path = Namur.gpx; sourceTree = "<group>"; };
		645DF8272D306D0B005D8731 /* Lille.gpx */ = {isa = PBXFileReference; lastKnownFileType = text.xml; path = Lille.gpx; sourceTree = "<group>"; };
		645DF82A2D306E5D005D8731 /* Stockholm.gpx */ = {isa = PBXFileReference; lastKnownFileType = text.xml; path = Stockholm.gpx; sourceTree = "<group>"; };
		64620C802BA3C81C006B329C /* Info.plist */ = {isa = PBXFileReference; lastKnownFileType = text.plist; path = Info.plist; sourceTree = "<group>"; };
		646D8E392F467E520068ABBF /* PoulePartyTests.xctest */ = {isa = PBXFileReference; explicitFileType = wrapper.cfbundle; includeInIndex = 0; path = PoulePartyTests.xctest; sourceTree = BUILT_PRODUCTS_DIR; };
		647D9FC12BA3ABF2005B6566 /* PouleParty.app */ = {isa = PBXFileReference; explicitFileType = wrapper.application; includeInIndex = 0; path = PouleParty.app; sourceTree = BUILT_PRODUCTS_DIR; };
		647D9FCA2BA3ABF3005B6566 /* PouleParty.entitlements */ = {isa = PBXFileReference; lastKnownFileType = text.plist.entitlements; path = PouleParty.entitlements; sourceTree = "<group>"; };
		64CE0F832CEE8E8200762232 /* Localizable.xcstrings */ = {isa = PBXFileReference; lastKnownFileType = text.json.xcstrings; path = Localizable.xcstrings; sourceTree = "<group>"; };
		64FDBE382BC32AD60073DC85 /* La Rochelle.gpx */ = {isa = PBXFileReference; lastKnownFileType = text.xml; path = "La Rochelle.gpx"; sourceTree = "<group>"; };
		F9A8B03D2F829054008B15E2 /* PoulePartySnapshotTests.xctest */ = {isa = PBXFileReference; explicitFileType = wrapper.cfbundle; includeInIndex = 0; path = PoulePartySnapshotTests.xctest; sourceTree = BUILT_PRODUCTS_DIR; };
		F9B1BE202F58DCD200E066D6 /* PoulePartyWidgetsExtension.appex */ = {isa = PBXFileReference; explicitFileType = "wrapper.app-extension"; includeInIndex = 0; path = PoulePartyWidgetsExtension.appex; sourceTree = BUILT_PRODUCTS_DIR; };
		F9B1BE222F58DCD200E066D6 /* WidgetKit.framework */ = {isa = PBXFileReference; lastKnownFileType = wrapper.framework; name = WidgetKit.framework; path = System/Library/Frameworks/WidgetKit.framework; sourceTree = SDKROOT; };
		F9B1BE242F58DCD200E066D6 /* SwiftUI.framework */ = {isa = PBXFileReference; lastKnownFileType = wrapper.framework; name = SwiftUI.framework; path = System/Library/Frameworks/SwiftUI.framework; sourceTree = SDKROOT; };
/* End PBXFileReference section */

/* Begin PBXFileSystemSynchronizedBuildFileExceptionSet section */
		F9B1BE332F58DCD300E066D6 /* Exceptions for "PoulePartyWidgets" folder in "PoulePartyWidgetsExtension" target */ = {
			isa = PBXFileSystemSynchronizedBuildFileExceptionSet;
			membershipExceptions = (
				Info.plist,
			);
			target = F9B1BE1F2F58DCD200E066D6 /* PoulePartyWidgetsExtension */;
		};
		F9B1BE3B2F58DD5700E066D6 /* Exceptions for "Models" folder in "PoulePartyWidgetsExtension" target */ = {
			isa = PBXFileSystemSynchronizedBuildFileExceptionSet;
			membershipExceptions = (
				LiveActivityModels.swift,
			);
			target = F9B1BE1F2F58DCD200E066D6 /* PoulePartyWidgetsExtension */;
		};
		F9B1BE3E2F58DD8500E066D6 /* Exceptions for "Resources" folder in "PoulePartyWidgetsExtension" target */ = {
			isa = PBXFileSystemSynchronizedBuildFileExceptionSet;
			membershipExceptions = (
				"Bangers/Bangers-Regular.ttf",
				"Early GameBoy.ttf",
			);
			target = F9B1BE1F2F58DCD200E066D6 /* PoulePartyWidgetsExtension */;
		};
		F9B1BE402F58EC1500E066D6 /* Exceptions for "Extensions" folder in "PoulePartyWidgetsExtension" target */ = {
			isa = PBXFileSystemSynchronizedBuildFileExceptionSet;
			membershipExceptions = (
				"Font+Utils.swift",
			);
			target = F9B1BE1F2F58DCD200E066D6 /* PoulePartyWidgetsExtension */;
		};
/* End PBXFileSystemSynchronizedBuildFileExceptionSet section */

/* Begin PBXFileSystemSynchronizedRootGroup section */
		646D8E462F467EB70068ABBF /* PoulePartyTests */ = {
			isa = PBXFileSystemSynchronizedRootGroup;
			path = PoulePartyTests;
			sourceTree = "<group>";
		};
		F9961DF92F58B872006C46AC /* App */ = {
			isa = PBXFileSystemSynchronizedRootGroup;
			path = App;
			sourceTree = "<group>";
		};
		F9961DFF2F58B872006C46AC /* Clients */ = {
			isa = PBXFileSystemSynchronizedRootGroup;
			path = Clients;
			sourceTree = "<group>";
		};
		F9961E052F58B872006C46AC /* Components */ = {
			isa = PBXFileSystemSynchronizedRootGroup;
			path = Components;
			sourceTree = "<group>";
		};
		F9961E0D2F58B872006C46AC /* Extensions */ = {
			isa = PBXFileSystemSynchronizedRootGroup;
			exceptions = (
				F9B1BE402F58EC1500E066D6 /* Exceptions for "Extensions" folder in "PoulePartyWidgetsExtension" target */,
			);
			path = Extensions;
			sourceTree = "<group>";
		};
		F9961E1A2F58B872006C46AC /* Features */ = {
			isa = PBXFileSystemSynchronizedRootGroup;
			path = Features;
			sourceTree = "<group>";
		};
		F9961E3E2F58B87B006C46AC /* Models */ = {
			isa = PBXFileSystemSynchronizedRootGroup;
			exceptions = (
				F9B1BE3B2F58DD5700E066D6 /* Exceptions for "Models" folder in "PoulePartyWidgetsExtension" target */,
			);
			path = Models;
			sourceTree = "<group>";
		};
		F9961E482F58B87B006C46AC /* Resources */ = {
			isa = PBXFileSystemSynchronizedRootGroup;
			exceptions = (
				F9B1BE3E2F58DD8500E066D6 /* Exceptions for "Resources" folder in "PoulePartyWidgetsExtension" target */,
			);
			path = Resources;
			sourceTree = "<group>";
		};
		F9A8B03E2F829054008B15E2 /* PoulePartySnapshotTests */ = {
			isa = PBXFileSystemSynchronizedRootGroup;
			path = PoulePartySnapshotTests;
			sourceTree = "<group>";
		};
		F9B1BE262F58DCD200E066D6 /* PoulePartyWidgets */ = {
			isa = PBXFileSystemSynchronizedRootGroup;
			exceptions = (
				F9B1BE332F58DCD300E066D6 /* Exceptions for "PoulePartyWidgets" folder in "PoulePartyWidgetsExtension" target */,
			);
			path = PoulePartyWidgets;
			sourceTree = "<group>";
		};
/* End PBXFileSystemSynchronizedRootGroup section */

/* Begin PBXFrameworksBuildPhase section */
		646D8E362F467E520068ABBF /* Frameworks */ = {
			isa = PBXFrameworksBuildPhase;
			files = (
				F9A8B0382F828F36008B15E2 /* SnapshotTesting in Frameworks */,
			);
		};
		647D9FBE2BA3ABF2005B6566 /* Frameworks */ = {
			isa = PBXFrameworksBuildPhase;
			files = (
				F9D782492F97E4CD006D6113 /* StripePaymentSheet in Frameworks */,
				F90899CC2F58B24D0006C8DF /* FirebaseMessaging in Frameworks */,
				6464E51C2BA5C3ED0039C387 /* FirebaseAnalytics in Frameworks */,
				648F56402CF3DC4900B1BC28 /* ComposableArchitecture in Frameworks */,
				BB0000012F47000100000001 /* Sharing in Frameworks */,
				BB0000032F47000100000001 /* Clocks in Frameworks */,
				BB0000052F47000100000001 /* CasePathsCore in Frameworks */,
				BB0000072F47000100000001 /* Dependencies in Frameworks */,
				BB0000092F47000100000001 /* SwiftNavigation in Frameworks */,
				6464E5222BA5C3ED0039C387 /* FirebaseCrashlytics in Frameworks */,
				6464E52C2BA5C3ED0039C387 /* FirebaseFunctionsCombine-Community in Frameworks */,
				F9B5A2222F53A73B004EBFD7 /* MapboxMaps in Frameworks */,
				6464E52A2BA5C3ED0039C387 /* FirebaseFunctions in Frameworks */,
				6464E52E2BA5C3ED0039C387 /* FirebaseInAppMessaging-Beta in Frameworks */,
				6464E5202BA5C3ED0039C387 /* FirebaseAuth in Frameworks */,
				6464E5242BA5C3ED0039C387 /* FirebaseFirestore in Frameworks */,
				6464E5262BA5C3ED0039C387 /* FirebaseFirestoreCombine-Community in Frameworks */,
			);
		};
		F9A8B03A2F829054008B15E2 /* Frameworks */ = {
			isa = PBXFrameworksBuildPhase;
			files = (
				F9A8B0472F829079008B15E2 /* SnapshotTesting in Frameworks */,
			);
		};
		F9B1BE1D2F58DCD200E066D6 /* Frameworks */ = {
			isa = PBXFrameworksBuildPhase;
			files = (
				F9B1BE252F58DCD200E066D6 /* SwiftUI.framework in Frameworks */,
				F9B1BE232F58DCD200E066D6 /* WidgetKit.framework in Frameworks */,
			);
		};
/* End PBXFrameworksBuildPhase section */

/* Begin PBXGroup section */
		647D9FB82BA3ABF2005B6566 = {
			isa = PBXGroup;
			children = (
				64CE0F832CEE8E8200762232 /* Localizable.xcstrings */,
				6405C2912BFC871B00A35A50 /* Bxl.gpx */,
				64FDBE382BC32AD60073DC85 /* La Rochelle.gpx */,
				645DF8272D306D0B005D8731 /* Lille.gpx */,
				645DF82A2D306E5D005D8731 /* Stockholm.gpx */,
				643A59942BC9C1E8002B53B6 /* Lasne.gpx */,
				643A59952BC9C38B002B53B6 /* Namur.gpx */,
				646D8E462F467EB70068ABBF /* PoulePartyTests */,
				647D9FC32BA3ABF2005B6566 /* PouleParty */,
				F9B1BE262F58DCD200E066D6 /* PoulePartyWidgets */,
				F9A8B03E2F829054008B15E2 /* PoulePartySnapshotTests */,
				F9B1BE212F58DCD200E066D6 /* Frameworks */,
				647D9FC22BA3ABF2005B6566 /* Products */,
			);
			sourceTree = "<group>";
		};
		647D9FC22BA3ABF2005B6566 /* Products */ = {
			isa = PBXGroup;
			children = (
				647D9FC12BA3ABF2005B6566 /* PouleParty.app */,
				646D8E392F467E520068ABBF /* PoulePartyTests.xctest */,
				F9B1BE202F58DCD200E066D6 /* PoulePartyWidgetsExtension.appex */,
				F9A8B03D2F829054008B15E2 /* PoulePartySnapshotTests.xctest */,
			);
			name = Products;
			sourceTree = "<group>";
		};
		647D9FC32BA3ABF2005B6566 /* PouleParty */ = {
			isa = PBXGroup;
			children = (
				647D9FCA2BA3ABF3005B6566 /* PouleParty.entitlements */,
				64620C802BA3C81C006B329C /* Info.plist */,
				F9961DF92F58B872006C46AC /* App */,
				F9961DFF2F58B872006C46AC /* Clients */,
				F9961E052F58B872006C46AC /* Components */,
				F9961E0D2F58B872006C46AC /* Extensions */,
				F9961E1A2F58B872006C46AC /* Features */,
				F9961E3E2F58B87B006C46AC /* Models */,
				F9961E482F58B87B006C46AC /* Resources */,
			);
			path = PouleParty;
			sourceTree = "<group>";
		};
		F9B1BE212F58DCD200E066D6 /* Frameworks */ = {
			isa = PBXGroup;
			children = (
				F9B1BE222F58DCD200E066D6 /* WidgetKit.framework */,
				F9B1BE242F58DCD200E066D6 /* SwiftUI.framework */,
			);
			name = Frameworks;
			sourceTree = "<group>";
		};
/* End PBXGroup section */

/* Begin PBXNativeTarget section */
		646D8E382F467E520068ABBF /* PoulePartyTests */ = {
			isa = PBXNativeTarget;
			buildConfigurationList = 646D8E412F467E520068ABBF /* Build configuration list for PBXNativeTarget "PoulePartyTests" */;
			buildPhases = (
				646D8E352F467E520068ABBF /* Sources */,
				646D8E362F467E520068ABBF /* Frameworks */,
				646D8E372F467E520068ABBF /* Resources */,
			);
			buildRules = (
			);
			dependencies = (
				646D8E3E2F467E520068ABBF /* PBXTargetDependency */,
			);
			fileSystemSynchronizedGroups = (
				646D8E462F467EB70068ABBF /* PoulePartyTests */,
			);
			name = PoulePartyTests;
			productName = PoulePartyTests;
			productReference = 646D8E392F467E520068ABBF /* PoulePartyTests.xctest */;
			productType = "com.apple.product-type.bundle.unit-test";
		};
		647D9FC02BA3ABF2005B6566 /* PouleParty */ = {
			isa = PBXNativeTarget;
			buildConfigurationList = 647D9FD02BA3ABF3005B6566 /* Build configuration list for PBXNativeTarget "PouleParty" */;
			buildPhases = (
				647D9FBD2BA3ABF2005B6566 /* Sources */,
				647D9FBE2BA3ABF2005B6566 /* Frameworks */,
				647D9FBF2BA3ABF2005B6566 /* Resources */,
				F986A3802F48AB000086DF16 /* Copy Firebase Config */,
				F9B1BE372F58DCD300E066D6 /* Embed Foundation Extensions */,
				6464E52F2BA5C54D0039C387 /* Crashlytics */,
			);
			buildRules = (
			);
			dependencies = (
				F9B1BE312F58DCD300E066D6 /* PBXTargetDependency */,
			);
			fileSystemSynchronizedGroups = (
				F9961DF92F58B872006C46AC /* App */,
				F9961DFF2F58B872006C46AC /* Clients */,
				F9961E052F58B872006C46AC /* Components */,
				F9961E0D2F58B872006C46AC /* Extensions */,
				F9961E1A2F58B872006C46AC /* Features */,
				F9961E3E2F58B87B006C46AC /* Models */,
				F9961E482F58B87B006C46AC /* Resources */,
			);
			name = PouleParty;
			packageProductDependencies = (
				6464E51B2BA5C3ED0039C387 /* FirebaseAnalytics */,
				6464E51F2BA5C3ED0039C387 /* FirebaseAuth */,
				6464E5212BA5C3ED0039C387 /* FirebaseCrashlytics */,
				6464E5232BA5C3ED0039C387 /* FirebaseFirestore */,
				6464E5252BA5C3ED0039C387 /* FirebaseFirestoreCombine-Community */,
				6464E5292BA5C3ED0039C387 /* FirebaseFunctions */,
				6464E52B2BA5C3ED0039C387 /* FirebaseFunctionsCombine-Community */,
				6464E52D2BA5C3ED0039C387 /* FirebaseInAppMessaging-Beta */,
				648F563F2CF3DC4900B1BC28 /* ComposableArchitecture */,
				BB0000022F47000100000001 /* Sharing */,
				BB0000042F47000100000001 /* Clocks */,
				BB0000062F47000100000001 /* CasePathsCore */,
				BB0000082F47000100000001 /* Dependencies */,
				BB00000A2F47000100000001 /* SwiftNavigation */,
				F9B5A2212F53A73B004EBFD7 /* MapboxMaps */,
				F90899CB2F58B24D0006C8DF /* FirebaseMessaging */,
				F9C0F0022F90010100000001 /* StripePaymentSheet */,
			);
			productName = PouleParty;
			productReference = 647D9FC12BA3ABF2005B6566 /* PouleParty.app */;
			productType = "com.apple.product-type.application";
		};
		F9A8B03C2F829054008B15E2 /* PoulePartySnapshotTests */ = {
			isa = PBXNativeTarget;
			buildConfigurationList = F9A8B0432F829054008B15E2 /* Build configuration list for PBXNativeTarget "PoulePartySnapshotTests" */;
			buildPhases = (
				F9A8B0392F829054008B15E2 /* Sources */,
				F9A8B03A2F829054008B15E2 /* Frameworks */,
				F9A8B03B2F829054008B15E2 /* Resources */,
			);
			buildRules = (
			);
			dependencies = (
				F9A8B0422F829054008B15E2 /* PBXTargetDependency */,
			);
			fileSystemSynchronizedGroups = (
				F9A8B03E2F829054008B15E2 /* PoulePartySnapshotTests */,
			);
			name = PoulePartySnapshotTests;
			packageProductDependencies = (
				F9A8B0462F829079008B15E2 /* SnapshotTesting */,
			);
			productName = PoulePartySnapshotTests;
			productReference = F9A8B03D2F829054008B15E2 /* PoulePartySnapshotTests.xctest */;
			productType = "com.apple.product-type.bundle.unit-test";
		};
		F9B1BE1F2F58DCD200E066D6 /* PoulePartyWidgetsExtension */ = {
			isa = PBXNativeTarget;
			buildConfigurationList = F9B1BE342F58DCD300E066D6 /* Build configuration list for PBXNativeTarget "PoulePartyWidgetsExtension" */;
			buildPhases = (
				F9B1BE1C2F58DCD200E066D6 /* Sources */,
				F9B1BE1D2F58DCD200E066D6 /* Frameworks */,
				F9B1BE1E2F58DCD200E066D6 /* Resources */,
			);
			buildRules = (
			);
			fileSystemSynchronizedGroups = (
				F9B1BE262F58DCD200E066D6 /* PoulePartyWidgets */,
			);
			name = PoulePartyWidgetsExtension;
			productName = PoulePartyWidgetsExtension;
			productReference = F9B1BE202F58DCD200E066D6 /* PoulePartyWidgetsExtension.appex */;
			productType = "com.apple.product-type.app-extension";
		};
/* End PBXNativeTarget section */

/* Begin PBXProject section */
		647D9FB92BA3ABF2005B6566 /* Project object */ = {
			isa = PBXProject;
			attributes = {
				BuildIndependentTargetsInParallel = 1;
				LastSwiftUpdateCheck = 2640;
				LastUpgradeCheck = 2620;
				ORGANIZATIONNAME = rahier.dev;
				TargetAttributes = {
					646D8E382F467E520068ABBF = {
						CreatedOnToolsVersion = 26.2;
						TestTargetID = 647D9FC02BA3ABF2005B6566;
					};
					647D9FC02BA3ABF2005B6566 = {
						CreatedOnToolsVersion = 15.3;
					};
					F9A8B03C2F829054008B15E2 = {
						CreatedOnToolsVersion = 26.4;
						TestTargetID = 647D9FC02BA3ABF2005B6566;
					};
					F9B1BE1F2F58DCD200E066D6 = {
						CreatedOnToolsVersion = 26.3;
					};
				};
			};
			buildConfigurationList = 647D9FBC2BA3ABF2005B6566 /* Build configuration list for PBXProject "PouleParty" */;
			developmentRegion = en;
			hasScannedForEncodings = 0;
			knownRegions = (
				en,
				fr,
				Base,
			);
			mainGroup = 647D9FB82BA3ABF2005B6566;
			packageReferences = (
				6464E51A2BA5C3ED0039C387 /* XCRemoteSwiftPackageReference "firebase-ios-sdk" */,
				648F563E2CF3DC4900B1BC28 /* XCRemoteSwiftPackageReference "swift-composable-architecture" */,
				F9B5A21F2F53A61C004EBFD7 /* XCRemoteSwiftPackageReference "mapbox-maps-ios" */,
				F9A8B0362F828F36008B15E2 /* XCRemoteSwiftPackageReference "swift-snapshot-testing" */,
				F9C0F0012F90010100000001 /* XCRemoteSwiftPackageReference "stripe-ios-spm" */,
			);
			preferredProjectObjectVersion = 100;
			productRefGroup = 647D9FC22BA3ABF2005B6566 /* Products */;
			projectDirPath = "";
			projectRoot = "";
			targets = (
				647D9FC02BA3ABF2005B6566 /* PouleParty */,
				646D8E382F467E520068ABBF /* PoulePartyTests */,
				F9B1BE1F2F58DCD200E066D6 /* PoulePartyWidgetsExtension */,
				F9A8B03C2F829054008B15E2 /* PoulePartySnapshotTests */,
			);
		};
/* End PBXProject section */

/* Begin PBXResourcesBuildPhase section */
		646D8E372F467E520068ABBF /* Resources */ = {
			isa = PBXResourcesBuildPhase;
			files = (
			);
		};
		647D9FBF2BA3ABF2005B6566 /* Resources */ = {
			isa = PBXResourcesBuildPhase;
			files = (
				645DF8282D306D0B005D8731 /* Lille.gpx in Resources */,
				645DF82B2D306E5D005D8731 /* Stockholm.gpx in Resources */,
				64CE0F842CEE8E8200762232 /* Localizable.xcstrings in Resources */,
			);
		};
		F9A8B03B2F829054008B15E2 /* Resources */ = {
			isa = PBXResourcesBuildPhase;
			files = (
			);
		};
		F9B1BE1E2F58DCD200E066D6 /* Resources */ = {
			isa = PBXResourcesBuildPhase;
			files = (
			);
		};
/* End PBXResourcesBuildPhase section */

/* Begin PBXShellScriptBuildPhase section */
		6464E52F2BA5C54D0039C387 /* Crashlytics */ = {
			isa = PBXShellScriptBuildPhase;
			alwaysOutOfDate = 1;
			inputPaths = (
				"${DWARF_DSYM_FOLDER_PATH}/${DWARF_DSYM_FILE_NAME}",
				"${DWARF_DSYM_FOLDER_PATH}/${DWARF_DSYM_FILE_NAME}/Contents/Resources/DWARF/${PRODUCT_NAME}",
				"${DWARF_DSYM_FOLDER_PATH}/${DWARF_DSYM_FILE_NAME}/Contents/Info.plist",
				"$(TARGET_BUILD_DIR)/$(UNLOCALIZED_RESOURCES_FOLDER_PATH)/GoogleService-Info.plist",
				"$(TARGET_BUILD_DIR)/$(EXECUTABLE_PATH)",
			);
			name = Crashlytics;
			shellPath = /bin/sh;
			shellScript = (
				"# ⚠️ Have to be the last build phase, otherwise Crashlytics won't properly process dSYMs",
				"",
				"\"${BUILD_DIR%/Build/*}/SourcePackages/checkouts/firebase-ios-sdk/Crashlytics/run\"",
				"",
			);
		};
		F986A3802F48AB000086DF16 /* Copy Firebase Config */ = {
			isa = PBXShellScriptBuildPhase;
			alwaysOutOfDate = 1;
			inputPaths = (
				"${SRCROOT}/Firebase/Staging/GoogleService-Info.plist",
				"${SRCROOT}/Firebase/Production/GoogleService-Info.plist",
			);
			name = "Copy Firebase Config";
			outputPaths = (
				"${BUILT_PRODUCTS_DIR}/${PRODUCT_NAME}.app/GoogleService-Info.plist",
			);
			shellPath = /bin/sh;
			shellScript = (
				"FIREBASE_DIR=\"${SRCROOT}/Firebase\"",
				"",
				"if [ \"${CONFIGURATION}\" == \"Debug\" ]; then",
				"    PLIST_PATH=\"${FIREBASE_DIR}/Staging/GoogleService-Info.plist\"",
				"else",
				"    PLIST_PATH=\"${FIREBASE_DIR}/Production/GoogleService-Info.plist\"",
				"fi",
				"",
				"if [ ! -f \"${PLIST_PATH}\" ]; then",
				"    echo \"error: GoogleService-Info.plist not found at ${PLIST_PATH}\"",
				"    exit 1",
				"fi",
				"",
				"cp \"${PLIST_PATH}\" \"${BUILT_PRODUCTS_DIR}/${PRODUCT_NAME}.app/GoogleService-Info.plist\"",
				"echo \"Copied Firebase config for ${CONFIGURATION} to app bundle\"",
				"",
			);
		};
/* End PBXShellScriptBuildPhase section */

/* Begin PBXSourcesBuildPhase section */
		646D8E352F467E520068ABBF /* Sources */ = {
			isa = PBXSourcesBuildPhase;
			files = (
			);
		};
		647D9FBD2BA3ABF2005B6566 /* Sources */ = {
			isa = PBXSourcesBuildPhase;
			files = (
			);
		};
		F9A8B0392F829054008B15E2 /* Sources */ = {
			isa = PBXSourcesBuildPhase;
			files = (
			);
		};
		F9B1BE1C2F58DCD200E066D6 /* Sources */ = {
			isa = PBXSourcesBuildPhase;
			files = (
			);
		};
/* End PBXSourcesBuildPhase section */

/* Begin PBXTargetDependency section */
		646D8E3E2F467E520068ABBF /* PBXTargetDependency */ = {
			isa = PBXTargetDependency;
			target = 647D9FC02BA3ABF2005B6566 /* PouleParty */;
			targetProxy = 646D8E3D2F467E520068ABBF /* PBXContainerItemProxy */;
		};
		F9A8B0422F829054008B15E2 /* PBXTargetDependency */ = {
			isa = PBXTargetDependency;
			target = 647D9FC02BA3ABF2005B6566 /* PouleParty */;
			targetProxy = F9A8B0412F829054008B15E2 /* PBXContainerItemProxy */;
		};
		F9B1BE312F58DCD300E066D6 /* PBXTargetDependency */ = {
			isa = PBXTargetDependency;
			target = F9B1BE1F2F58DCD200E066D6 /* PoulePartyWidgetsExtension */;
			targetProxy = F9B1BE302F58DCD300E066D6 /* PBXContainerItemProxy */;
		};
/* End PBXTargetDependency section */

/* Begin XCBuildConfiguration section */
		646D8E3F2F467E520068ABBF /* Debug configuration for PBXNativeTarget "PoulePartyTests" */ = {
			isa = XCBuildConfiguration;
			buildSettings = {
				BUNDLE_LOADER = "$(TEST_HOST)";
				CODE_SIGN_STYLE = Automatic;
				CURRENT_PROJECT_VERSION = 2;
				DEBUG_INFORMATION_FORMAT = dwarf;
				GENERATE_INFOPLIST_FILE = YES;
				IPHONEOS_DEPLOYMENT_TARGET = 17.0;
				MARKETING_VERSION = 1.11.0;
				PRODUCT_BUNDLE_IDENTIFIER = dev.rahier.PoulePartyTests;
				PRODUCT_NAME = "$(TARGET_NAME)";
				SDKROOT = iphoneos;
				STRING_CATALOG_GENERATE_SYMBOLS = NO;
				SWIFT_APPROACHABLE_CONCURRENCY = YES;
				SWIFT_EMIT_LOC_STRINGS = NO;
				SWIFT_UPCOMING_FEATURE_MEMBER_IMPORT_VISIBILITY = YES;
				SWIFT_VERSION = 5.0;
				TARGETED_DEVICE_FAMILY = "1,2";
				TEST_HOST = "$(BUILT_PRODUCTS_DIR)/PouleParty.app/$(BUNDLE_EXECUTABLE_FOLDER_PATH)/PouleParty";
			};
			name = Debug;
		};
		646D8E402F467E520068ABBF /* Release configuration for PBXNativeTarget "PoulePartyTests" */ = {
			isa = XCBuildConfiguration;
			buildSettings = {
				BUNDLE_LOADER = "$(TEST_HOST)";
				CODE_SIGN_STYLE = Automatic;
				CURRENT_PROJECT_VERSION = 2;
				GENERATE_INFOPLIST_FILE = YES;
				IPHONEOS_DEPLOYMENT_TARGET = 17.0;
				MARKETING_VERSION = 1.11.0;
				PRODUCT_BUNDLE_IDENTIFIER = dev.rahier.PoulePartyTests;
				PRODUCT_NAME = "$(TARGET_NAME)";
				SDKROOT = iphoneos;
				STRING_CATALOG_GENERATE_SYMBOLS = NO;
				SWIFT_APPROACHABLE_CONCURRENCY = YES;
				SWIFT_EMIT_LOC_STRINGS = NO;
				SWIFT_UPCOMING_FEATURE_MEMBER_IMPORT_VISIBILITY = YES;
				SWIFT_VERSION = 5.0;
				TARGETED_DEVICE_FAMILY = "1,2";
				TEST_HOST = "$(BUILT_PRODUCTS_DIR)/PouleParty.app/$(BUNDLE_EXECUTABLE_FOLDER_PATH)/PouleParty";
				VALIDATE_PRODUCT = YES;
			};
			name = Release;
		};
		647D9FCE2BA3ABF3005B6566 /* Debug configuration for PBXProject "PouleParty" */ = {
			isa = XCBuildConfiguration;
			buildSettings = {
				ALWAYS_SEARCH_USER_PATHS = NO;
				ASSETCATALOG_COMPILER_GENERATE_SWIFT_ASSET_SYMBOL_EXTENSIONS = YES;
				CLANG_ANALYZER_LOCALIZABILITY_NONLOCALIZED = YES;
				CLANG_ANALYZER_NONNULL = YES;
				CLANG_ANALYZER_NUMBER_OBJECT_CONVERSION = YES_AGGRESSIVE;
				CLANG_CXX_LANGUAGE_STANDARD = "gnu++20";
				CLANG_ENABLE_MODULES = YES;
				CLANG_ENABLE_OBJC_ARC = YES;
				CLANG_ENABLE_OBJC_WEAK = YES;
				CLANG_WARN_BLOCK_CAPTURE_AUTORELEASING = YES;
				CLANG_WARN_BOOL_CONVERSION = YES;
				CLANG_WARN_COMMA = YES;
				CLANG_WARN_CONSTANT_CONVERSION = YES;
				CLANG_WARN_DEPRECATED_OBJC_IMPLEMENTATIONS = YES;
				CLANG_WARN_DIRECT_OBJC_ISA_USAGE = YES_ERROR;
				CLANG_WARN_DOCUMENTATION_COMMENTS = YES;
				CLANG_WARN_EMPTY_BODY = YES;
				CLANG_WARN_ENUM_CONVERSION = YES;
				CLANG_WARN_INFINITE_RECURSION = YES;
				CLANG_WARN_INT_CONVERSION = YES;
				CLANG_WARN_NON_LITERAL_NULL_CONVERSION = YES;
				CLANG_WARN_OBJC_IMPLICIT_RETAIN_SELF = YES;
				CLANG_WARN_OBJC_LITERAL_CONVERSION = YES;
				CLANG_WARN_OBJC_ROOT_CLASS = YES_ERROR;
				CLANG_WARN_QUOTED_INCLUDE_IN_FRAMEWORK_HEADER = YES;
				CLANG_WARN_RANGE_LOOP_ANALYSIS = YES;
				CLANG_WARN_STRICT_PROTOTYPES = YES;
				CLANG_WARN_SUSPICIOUS_MOVE = YES;
				CLANG_WARN_UNGUARDED_AVAILABILITY = YES_AGGRESSIVE;
				CLANG_WARN_UNREACHABLE_CODE = YES;
				CLANG_WARN__DUPLICATE_METHOD_MATCH = YES;
				COPY_PHASE_STRIP = NO;
				DEAD_CODE_STRIPPING = YES;
				DEBUG_INFORMATION_FORMAT = "dwarf-with-dsym";
				DEVELOPMENT_TEAM = YXXNH92P5F;
				ENABLE_STRICT_OBJC_MSGSEND = YES;
				ENABLE_TESTABILITY = YES;
				ENABLE_USER_SCRIPT_SANDBOXING = YES;
				GCC_C_LANGUAGE_STANDARD = gnu17;
				GCC_DYNAMIC_NO_PIC = NO;
				GCC_NO_COMMON_BLOCKS = YES;
				GCC_OPTIMIZATION_LEVEL = 0;
				GCC_PREPROCESSOR_DEFINITIONS = (
					"DEBUG=1",
					"$(inherited)",
				);
				GCC_WARN_64_TO_32_BIT_CONVERSION = YES;
				GCC_WARN_ABOUT_RETURN_TYPE = YES_ERROR;
				GCC_WARN_UNDECLARED_SELECTOR = YES;
				GCC_WARN_UNINITIALIZED_AUTOS = YES_AGGRESSIVE;
				GCC_WARN_UNUSED_FUNCTION = YES;
				GCC_WARN_UNUSED_VARIABLE = YES;
				IPHONEOS_DEPLOYMENT_TARGET = 16.0;
				LOCALIZATION_PREFERS_STRING_CATALOGS = YES;
				MTL_ENABLE_DEBUG_INFO = INCLUDE_SOURCE;
				MTL_FAST_MATH = YES;
				ONLY_ACTIVE_ARCH = YES;
				STRING_CATALOG_GENERATE_SYMBOLS = YES;
				SWIFT_ACTIVE_COMPILATION_CONDITIONS = "DEBUG $(inherited)";
				SWIFT_EMIT_LOC_STRINGS = YES;
				SWIFT_OPTIMIZATION_LEVEL = "-Onone";
			};
			name = Debug;
		};
		647D9FCF2BA3ABF3005B6566 /* Release configuration for PBXProject "PouleParty" */ = {
			isa = XCBuildConfiguration;
			buildSettings = {
				ALWAYS_SEARCH_USER_PATHS = NO;
				ASSETCATALOG_COMPILER_GENERATE_SWIFT_ASSET_SYMBOL_EXTENSIONS = YES;
				CLANG_ANALYZER_LOCALIZABILITY_NONLOCALIZED = YES;
				CLANG_ANALYZER_NONNULL = YES;
				CLANG_ANALYZER_NUMBER_OBJECT_CONVERSION = YES_AGGRESSIVE;
				CLANG_CXX_LANGUAGE_STANDARD = "gnu++20";
				CLANG_ENABLE_MODULES = YES;
				CLANG_ENABLE_OBJC_ARC = YES;
				CLANG_ENABLE_OBJC_WEAK = YES;
				CLANG_WARN_BLOCK_CAPTURE_AUTORELEASING = YES;
				CLANG_WARN_BOOL_CONVERSION = YES;
				CLANG_WARN_COMMA = YES;
				CLANG_WARN_CONSTANT_CONVERSION = YES;
				CLANG_WARN_DEPRECATED_OBJC_IMPLEMENTATIONS = YES;
				CLANG_WARN_DIRECT_OBJC_ISA_USAGE = YES_ERROR;
				CLANG_WARN_DOCUMENTATION_COMMENTS = YES;
				CLANG_WARN_EMPTY_BODY = YES;
				CLANG_WARN_ENUM_CONVERSION = YES;
				CLANG_WARN_INFINITE_RECURSION = YES;
				CLANG_WARN_INT_CONVERSION = YES;
				CLANG_WARN_NON_LITERAL_NULL_CONVERSION = YES;
				CLANG_WARN_OBJC_IMPLICIT_RETAIN_SELF = YES;
				CLANG_WARN_OBJC_LITERAL_CONVERSION = YES;
				CLANG_WARN_OBJC_ROOT_CLASS = YES_ERROR;
				CLANG_WARN_QUOTED_INCLUDE_IN_FRAMEWORK_HEADER = YES;
				CLANG_WARN_RANGE_LOOP_ANALYSIS = YES;
				CLANG_WARN_STRICT_PROTOTYPES = YES;
				CLANG_WARN_SUSPICIOUS_MOVE = YES;
				CLANG_WARN_UNGUARDED_AVAILABILITY = YES_AGGRESSIVE;
				CLANG_WARN_UNREACHABLE_CODE = YES;
				CLANG_WARN__DUPLICATE_METHOD_MATCH = YES;
				COPY_PHASE_STRIP = NO;
				DEAD_CODE_STRIPPING = YES;
				DEBUG_INFORMATION_FORMAT = "dwarf-with-dsym";
				DEVELOPMENT_TEAM = YXXNH92P5F;
				ENABLE_NS_ASSERTIONS = NO;
				ENABLE_STRICT_OBJC_MSGSEND = YES;
				ENABLE_USER_SCRIPT_SANDBOXING = YES;
				GCC_C_LANGUAGE_STANDARD = gnu17;
				GCC_NO_COMMON_BLOCKS = YES;
				GCC_WARN_64_TO_32_BIT_CONVERSION = YES;
				GCC_WARN_ABOUT_RETURN_TYPE = YES_ERROR;
				GCC_WARN_UNDECLARED_SELECTOR = YES;
				GCC_WARN_UNINITIALIZED_AUTOS = YES_AGGRESSIVE;
				GCC_WARN_UNUSED_FUNCTION = YES;
				GCC_WARN_UNUSED_VARIABLE = YES;
				IPHONEOS_DEPLOYMENT_TARGET = 16.0;
				LOCALIZATION_PREFERS_STRING_CATALOGS = YES;
				MTL_ENABLE_DEBUG_INFO = NO;
				MTL_FAST_MATH = YES;
				STRING_CATALOG_GENERATE_SYMBOLS = YES;
				SWIFT_COMPILATION_MODE = wholemodule;
				SWIFT_EMIT_LOC_STRINGS = YES;
			};
			name = Release;
		};
		647D9FD12BA3ABF3005B6566 /* Debug configuration for PBXNativeTarget "PouleParty" */ = {
			isa = XCBuildConfiguration;
			buildSettings = {
				APS_ENVIRONMENT = development;
				ASSETCATALOG_COMPILER_APPICON_NAME = AppIcon;
				ASSETCATALOG_COMPILER_GLOBAL_ACCENT_COLOR_NAME = AccentColor;
				ASSETCATALOG_COMPILER_INCLUDE_ALL_APPICON_ASSETS = YES;
				CODE_SIGN_ENTITLEMENTS = PouleParty/PouleParty.entitlements;
				CODE_SIGN_STYLE = Automatic;
				CURRENT_PROJECT_VERSION = 2;
				DEAD_CODE_STRIPPING = YES;
				DEVELOPMENT_ASSET_PATHS = "\"PouleParty/Resources/Preview Content\"";
				ENABLE_APP_SANDBOX = YES;
				ENABLE_HARDENED_RUNTIME = YES;
				ENABLE_PREVIEWS = YES;
				ENABLE_TESTING_SEARCH_PATHS = YES;
				ENABLE_USER_SCRIPT_SANDBOXING = NO;
				ENABLE_USER_SELECTED_FILES = readonly;
				GENERATE_INFOPLIST_FILE = YES;
				INFOPLIST_FILE = PouleParty/Info.plist;
				INFOPLIST_KEY_CFBundleDisplayName = "Poule Party";
				INFOPLIST_KEY_LSApplicationCategoryType = "public.app-category.games";
				INFOPLIST_KEY_NSLocationAlwaysAndWhenInUseUsageDescription = "Poule Party requests Always access so the Chicken's live position keeps reaching the Hunters while the phone is in a pocket or backpack during an active game. For example, the Chicken can run through the neighbourhood with the screen off while the Hunters watch the shrinking zone follow them on the map in real time. Background location tracking stops as soon as the game ends.";
				INFOPLIST_KEY_NSLocationAlwaysUsageDescription = "Poule Party uses your location during an active game to track the Chicken for the Hunters and keep you inside the shrinking play zone. For example, during a game the Chicken's position is shared with the Hunters so they can chase them in the real world. Tracking stops as soon as the game ends.";
				INFOPLIST_KEY_NSLocationUsageDescription = "Poule Party uses your location during an active game to place you on the map, keep the Chicken inside the shrinking play zone, and spawn nearby power-ups for you to collect. For example, as a Hunter you see the Chicken's live position within the zone so your team can chase them in the real world.";
				INFOPLIST_KEY_NSLocationWhenInUseUsageDescription = "Poule Party uses your location during an active game to place you on the map, keep the Chicken inside the shrinking play zone, and spawn nearby power-ups for you to collect. For example, as a Hunter you see the Chicken's live position within the zone so your team can chase them in the real world.";
				INFOPLIST_KEY_UIApplicationSceneManifest_Generation = YES;
				"INFOPLIST_KEY_UIApplicationSceneManifest_Generation[sdk=iphoneos*]" = YES;
				"INFOPLIST_KEY_UIApplicationSceneManifest_Generation[sdk=iphonesimulator*]" = YES;
				INFOPLIST_KEY_UIApplicationSupportsIndirectInputEvents = YES;
				"INFOPLIST_KEY_UIApplicationSupportsIndirectInputEvents[sdk=iphoneos*]" = YES;
				"INFOPLIST_KEY_UIApplicationSupportsIndirectInputEvents[sdk=iphonesimulator*]" = YES;
				INFOPLIST_KEY_UILaunchScreen_Generation = YES;
				"INFOPLIST_KEY_UILaunchScreen_Generation[sdk=iphoneos*]" = YES;
				"INFOPLIST_KEY_UILaunchScreen_Generation[sdk=iphonesimulator*]" = YES;
				INFOPLIST_KEY_UILaunchStoryboardName = "Launch Screen.storyboard";
				INFOPLIST_KEY_UIStatusBarStyle = UIStatusBarStyleDefault;
				"INFOPLIST_KEY_UIStatusBarStyle[sdk=iphoneos*]" = UIStatusBarStyleDefault;
				"INFOPLIST_KEY_UIStatusBarStyle[sdk=iphonesimulator*]" = UIStatusBarStyleDefault;
				INFOPLIST_KEY_UISupportedInterfaceOrientations = UIInterfaceOrientationPortrait;
				INFOPLIST_KEY_UISupportedInterfaceOrientations_iPad = "UIInterfaceOrientationLandscapeLeft UIInterfaceOrientationLandscapeRight UIInterfaceOrientationPortrait UIInterfaceOrientationPortraitUpsideDown";
				IPHONEOS_DEPLOYMENT_TARGET = 17.0;
				LD_RUNPATH_SEARCH_PATHS = "@executable_path/Frameworks";
				"LD_RUNPATH_SEARCH_PATHS[sdk=macosx*]" = "@executable_path/../Frameworks";
				MACOSX_DEPLOYMENT_TARGET = 14.4;
				MARKETING_VERSION = 1.11.0;
				PRODUCT_BUNDLE_IDENTIFIER = dev.rahier.pouleparty;
				PRODUCT_NAME = "$(TARGET_NAME)";
				SDKROOT = iphoneos;
				STRIPE_PUBLISHABLE_KEY = pk_test_51TOioI9y90nsLqhVN0M6NgIYPwWHEbIdoaiPgKjmkoHUeWjeZhS2ObYFc4ejC3jnh6nDbehbgzzWQHkkF3yUVrKY00UWSXTYex;
				SUPPORTED_PLATFORMS = "iphoneos iphonesimulator";
				SUPPORTS_MACCATALYST = NO;
				SWIFT_EMIT_LOC_STRINGS = YES;
				SWIFT_VERSION = 5.0;
				TARGETED_DEVICE_FAMILY = 1;
			};
			name = Debug;
		};
		647D9FD22BA3ABF3005B6566 /* Release configuration for PBXNativeTarget "PouleParty" */ = {
			isa = XCBuildConfiguration;
			buildSettings = {
				APS_ENVIRONMENT = production;
				ASSETCATALOG_COMPILER_APPICON_NAME = AppIcon;
				ASSETCATALOG_COMPILER_GLOBAL_ACCENT_COLOR_NAME = AccentColor;
				ASSETCATALOG_COMPILER_INCLUDE_ALL_APPICON_ASSETS = YES;
				CODE_SIGN_ENTITLEMENTS = PouleParty/PouleParty.entitlements;
				CODE_SIGN_STYLE = Automatic;
				CURRENT_PROJECT_VERSION = 2;
				DEAD_CODE_STRIPPING = YES;
				DEVELOPMENT_ASSET_PATHS = "\"PouleParty/Resources/Preview Content\"";
				ENABLE_APP_SANDBOX = YES;
				ENABLE_HARDENED_RUNTIME = YES;
				ENABLE_PREVIEWS = YES;
				ENABLE_TESTING_SEARCH_PATHS = YES;
				ENABLE_USER_SCRIPT_SANDBOXING = NO;
				ENABLE_USER_SELECTED_FILES = readonly;
				GENERATE_INFOPLIST_FILE = YES;
				INFOPLIST_FILE = PouleParty/Info.plist;
				INFOPLIST_KEY_CFBundleDisplayName = "Poule Party";
				INFOPLIST_KEY_LSApplicationCategoryType = "public.app-category.games";
				INFOPLIST_KEY_NSLocationAlwaysAndWhenInUseUsageDescription = "Poule Party requests Always access so the Chicken's live position keeps reaching the Hunters while the phone is in a pocket or backpack during an active game. For example, the Chicken can run through the neighbourhood with the screen off while the Hunters watch the shrinking zone follow them on the map in real time. Background location tracking stops as soon as the game ends.";
				INFOPLIST_KEY_NSLocationAlwaysUsageDescription = "Poule Party uses your location during an active game to track the Chicken for the Hunters and keep you inside the shrinking play zone. For example, during a game the Chicken's position is shared with the Hunters so they can chase them in the real world. Tracking stops as soon as the game ends.";
				INFOPLIST_KEY_NSLocationUsageDescription = "Poule Party uses your location during an active game to place you on the map, keep the Chicken inside the shrinking play zone, and spawn nearby power-ups for you to collect. For example, as a Hunter you see the Chicken's live position within the zone so your team can chase them in the real world.";
				INFOPLIST_KEY_NSLocationWhenInUseUsageDescription = "Poule Party uses your location during an active game to place you on the map, keep the Chicken inside the shrinking play zone, and spawn nearby power-ups for you to collect. For example, as a Hunter you see the Chicken's live position within the zone so your team can chase them in the real world.";
				INFOPLIST_KEY_UIApplicationSceneManifest_Generation = YES;
				"INFOPLIST_KEY_UIApplicationSceneManifest_Generation[sdk=iphoneos*]" = YES;
				"INFOPLIST_KEY_UIApplicationSceneManifest_Generation[sdk=iphonesimulator*]" = YES;
				INFOPLIST_KEY_UIApplicationSupportsIndirectInputEvents = YES;
				"INFOPLIST_KEY_UIApplicationSupportsIndirectInputEvents[sdk=iphoneos*]" = YES;
				"INFOPLIST_KEY_UIApplicationSupportsIndirectInputEvents[sdk=iphonesimulator*]" = YES;
				INFOPLIST_KEY_UILaunchScreen_Generation = YES;
				"INFOPLIST_KEY_UILaunchScreen_Generation[sdk=iphoneos*]" = YES;
				"INFOPLIST_KEY_UILaunchScreen_Generation[sdk=iphonesimulator*]" = YES;
				INFOPLIST_KEY_UILaunchStoryboardName = "Launch Screen.storyboard";
				INFOPLIST_KEY_UIStatusBarStyle = UIStatusBarStyleDefault;
				"INFOPLIST_KEY_UIStatusBarStyle[sdk=iphoneos*]" = UIStatusBarStyleDefault;
				"INFOPLIST_KEY_UIStatusBarStyle[sdk=iphonesimulator*]" = UIStatusBarStyleDefault;
				INFOPLIST_KEY_UISupportedInterfaceOrientations = UIInterfaceOrientationPortrait;
				INFOPLIST_KEY_UISupportedInterfaceOrientations_iPad = "UIInterfaceOrientationLandscapeLeft UIInterfaceOrientationLandscapeRight UIInterfaceOrientationPortrait UIInterfaceOrientationPortraitUpsideDown";
				IPHONEOS_DEPLOYMENT_TARGET = 17.0;
				LD_RUNPATH_SEARCH_PATHS = "@executable_path/Frameworks";
				"LD_RUNPATH_SEARCH_PATHS[sdk=macosx*]" = "@executable_path/../Frameworks";
				MACOSX_DEPLOYMENT_TARGET = 14.4;
				MARKETING_VERSION = 1.11.0;
				PRODUCT_BUNDLE_IDENTIFIER = dev.rahier.pouleparty;
				PRODUCT_NAME = "$(TARGET_NAME)";
				SDKROOT = iphoneos;
				STRIPE_PUBLISHABLE_KEY = pk_live_51TOigX6h9cy8iP6lavNsc4XKwiBJTJUUq3c8qP9tLfY0nCF3jbzXXUHmggsuoWbX7Tzr6whKvdpYYOaeLKn1fWhK00kinzuEao;
				SUPPORTED_PLATFORMS = "iphoneos iphonesimulator";
				SUPPORTS_MACCATALYST = NO;
				SWIFT_EMIT_LOC_STRINGS = YES;
				SWIFT_VERSION = 5.0;
				TARGETED_DEVICE_FAMILY = 1;
			};
			name = Release;
		};
		F9A8B0442F829054008B15E2 /* Debug configuration for PBXNativeTarget "PoulePartySnapshotTests" */ = {
			isa = XCBuildConfiguration;
			buildSettings = {
				BUNDLE_LOADER = "$(TEST_HOST)";
				CODE_SIGN_STYLE = Automatic;
				CURRENT_PROJECT_VERSION = 2;
				DEBUG_INFORMATION_FORMAT = dwarf;
				DEVELOPMENT_TEAM = YXXNH92P5F;
				GENERATE_INFOPLIST_FILE = YES;
				IPHONEOS_DEPLOYMENT_TARGET = 26.4;
				MARKETING_VERSION = 1.0;
				PRODUCT_BUNDLE_IDENTIFIER = dev.rahier.PoulePartySnapshotTests;
				PRODUCT_NAME = "$(TARGET_NAME)";
				SDKROOT = iphoneos;
				STRING_CATALOG_GENERATE_SYMBOLS = NO;
				SWIFT_APPROACHABLE_CONCURRENCY = YES;
				SWIFT_EMIT_LOC_STRINGS = NO;
				SWIFT_UPCOMING_FEATURE_MEMBER_IMPORT_VISIBILITY = YES;
				SWIFT_VERSION = 5.0;
				TARGETED_DEVICE_FAMILY = "1,2";
				TEST_HOST = "$(BUILT_PRODUCTS_DIR)/PouleParty.app/$(BUNDLE_EXECUTABLE_FOLDER_PATH)/PouleParty";
			};
			name = Debug;
		};
		F9A8B0452F829054008B15E2 /* Release configuration for PBXNativeTarget "PoulePartySnapshotTests" */ = {
			isa = XCBuildConfiguration;
			buildSettings = {
				BUNDLE_LOADER = "$(TEST_HOST)";
				CODE_SIGN_STYLE = Automatic;
				CURRENT_PROJECT_VERSION = 2;
				DEVELOPMENT_TEAM = YXXNH92P5F;
				GENERATE_INFOPLIST_FILE = YES;
				IPHONEOS_DEPLOYMENT_TARGET = 26.4;
				MARKETING_VERSION = 1.0;
				PRODUCT_BUNDLE_IDENTIFIER = dev.rahier.PoulePartySnapshotTests;
				PRODUCT_NAME = "$(TARGET_NAME)";
				SDKROOT = iphoneos;
				STRING_CATALOG_GENERATE_SYMBOLS = NO;
				SWIFT_APPROACHABLE_CONCURRENCY = YES;
				SWIFT_EMIT_LOC_STRINGS = NO;
				SWIFT_UPCOMING_FEATURE_MEMBER_IMPORT_VISIBILITY = YES;
				SWIFT_VERSION = 5.0;
				TARGETED_DEVICE_FAMILY = "1,2";
				TEST_HOST = "$(BUILT_PRODUCTS_DIR)/PouleParty.app/$(BUNDLE_EXECUTABLE_FOLDER_PATH)/PouleParty";
				VALIDATE_PRODUCT = YES;
			};
			name = Release;
		};
		F9B1BE352F58DCD300E066D6 /* Debug configuration for PBXNativeTarget "PoulePartyWidgetsExtension" */ = {
			isa = XCBuildConfiguration;
			buildSettings = {
				ASSETCATALOG_COMPILER_GLOBAL_ACCENT_COLOR_NAME = AccentColor;
				ASSETCATALOG_COMPILER_WIDGET_BACKGROUND_COLOR_NAME = WidgetBackground;
				CODE_SIGN_STYLE = Automatic;
				CURRENT_PROJECT_VERSION = 2;
				DEBUG_INFORMATION_FORMAT = dwarf;
				GENERATE_INFOPLIST_FILE = YES;
				INFOPLIST_FILE = PoulePartyWidgets/Info.plist;
				INFOPLIST_KEY_CFBundleDisplayName = PoulePartyWidgets;
				INFOPLIST_KEY_NSHumanReadableCopyright = "";
				IPHONEOS_DEPLOYMENT_TARGET = 26.2;
				LD_RUNPATH_SEARCH_PATHS = (
					"$(inherited)",
					"@executable_path/Frameworks",
					"@executable_path/../../Frameworks",
				);
				MARKETING_VERSION = 1.11.0;
				PRODUCT_BUNDLE_IDENTIFIER = dev.rahier.pouleparty.PoulePartyWidgets;
				PRODUCT_NAME = "$(TARGET_NAME)";
				SDKROOT = iphoneos;
				SKIP_INSTALL = YES;
				STRING_CATALOG_GENERATE_SYMBOLS = YES;
				SWIFT_APPROACHABLE_CONCURRENCY = YES;
				SWIFT_EMIT_LOC_STRINGS = YES;
				SWIFT_UPCOMING_FEATURE_MEMBER_IMPORT_VISIBILITY = YES;
				SWIFT_VERSION = 5.0;
				TARGETED_DEVICE_FAMILY = "1,2";
			};
			name = Debug;
		};
		F9B1BE362F58DCD300E066D6 /* Release configuration for PBXNativeTarget "PoulePartyWidgetsExtension" */ = {
			isa = XCBuildConfiguration;
			buildSettings = {
				ASSETCATALOG_COMPILER_GLOBAL_ACCENT_COLOR_NAME = AccentColor;
				ASSETCATALOG_COMPILER_WIDGET_BACKGROUND_COLOR_NAME = WidgetBackground;
				CODE_SIGN_STYLE = Automatic;
				CURRENT_PROJECT_VERSION = 2;
				GENERATE_INFOPLIST_FILE = YES;
				INFOPLIST_FILE = PoulePartyWidgets/Info.plist;
				INFOPLIST_KEY_CFBundleDisplayName = PoulePartyWidgets;
				INFOPLIST_KEY_NSHumanReadableCopyright = "";
				IPHONEOS_DEPLOYMENT_TARGET = 26.2;
				LD_RUNPATH_SEARCH_PATHS = (
					"$(inherited)",
					"@executable_path/Frameworks",
					"@executable_path/../../Frameworks",
				);
				MARKETING_VERSION = 1.11.0;
				PRODUCT_BUNDLE_IDENTIFIER = dev.rahier.pouleparty.PoulePartyWidgets;
				PRODUCT_NAME = "$(TARGET_NAME)";
				SDKROOT = iphoneos;
				SKIP_INSTALL = YES;
				STRING_CATALOG_GENERATE_SYMBOLS = YES;
				SWIFT_APPROACHABLE_CONCURRENCY = YES;
				SWIFT_EMIT_LOC_STRINGS = YES;
				SWIFT_UPCOMING_FEATURE_MEMBER_IMPORT_VISIBILITY = YES;
				SWIFT_VERSION = 5.0;
				TARGETED_DEVICE_FAMILY = "1,2";
				VALIDATE_PRODUCT = YES;
			};
			name = Release;
		};
/* End XCBuildConfiguration section */

/* Begin XCConfigurationList section */
		646D8E412F467E520068ABBF /* Build configuration list for PBXNativeTarget "PoulePartyTests" */ = {
			isa = XCConfigurationList;
			buildConfigurations = (
				646D8E3F2F467E520068ABBF /* Debug configuration for PBXNativeTarget "PoulePartyTests" */,
				646D8E402F467E520068ABBF /* Release configuration for PBXNativeTarget "PoulePartyTests" */,
			);
			defaultConfigurationName = Release;
		};
		647D9FBC2BA3ABF2005B6566 /* Build configuration list for PBXProject "PouleParty" */ = {
			isa = XCConfigurationList;
			buildConfigurations = (
				647D9FCE2BA3ABF3005B6566 /* Debug configuration for PBXProject "PouleParty" */,
				647D9FCF2BA3ABF3005B6566 /* Release configuration for PBXProject "PouleParty" */,
			);
			defaultConfigurationName = Release;
		};
		647D9FD02BA3ABF3005B6566 /* Build configuration list for PBXNativeTarget "PouleParty" */ = {
			isa = XCConfigurationList;
			buildConfigurations = (
				647D9FD12BA3ABF3005B6566 /* Debug configuration for PBXNativeTarget "PouleParty" */,
				647D9FD22BA3ABF3005B6566 /* Release configuration for PBXNativeTarget "PouleParty" */,
			);
			defaultConfigurationName = Release;
		};
		F9A8B0432F829054008B15E2 /* Build configuration list for PBXNativeTarget "PoulePartySnapshotTests" */ = {
			isa = XCConfigurationList;
			buildConfigurations = (
				F9A8B0442F829054008B15E2 /* Debug configuration for PBXNativeTarget "PoulePartySnapshotTests" */,
				F9A8B0452F829054008B15E2 /* Release configuration for PBXNativeTarget "PoulePartySnapshotTests" */,
			);
			defaultConfigurationName = Release;
		};
		F9B1BE342F58DCD300E066D6 /* Build configuration list for PBXNativeTarget "PoulePartyWidgetsExtension" */ = {
			isa = XCConfigurationList;
			buildConfigurations = (
				F9B1BE352F58DCD300E066D6 /* Debug configuration for PBXNativeTarget "PoulePartyWidgetsExtension" */,
				F9B1BE362F58DCD300E066D6 /* Release configuration for PBXNativeTarget "PoulePartyWidgetsExtension" */,
			);
			defaultConfigurationName = Release;
		};
/* End XCConfigurationList section */

/* Begin XCRemoteSwiftPackageReference section */
		6464E51A2BA5C3ED0039C387 /* XCRemoteSwiftPackageReference "firebase-ios-sdk" */ = {
			isa = XCRemoteSwiftPackageReference;
			repositoryURL = "https://github.com/firebase/firebase-ios-sdk";
			requirement = {
				kind = upToNextMajorVersion;
				minimumVersion = 12.9.0;
			};
		};
		648F563E2CF3DC4900B1BC28 /* XCRemoteSwiftPackageReference "swift-composable-architecture" */ = {
			isa = XCRemoteSwiftPackageReference;
			repositoryURL = "https://github.com/pointfreeco/swift-composable-architecture.git";
			requirement = {
				kind = upToNextMajorVersion;
				minimumVersion = 1.23.2;
			};
			traits = (
			);
		};
		F9A8B0362F828F36008B15E2 /* XCRemoteSwiftPackageReference "swift-snapshot-testing" */ = {
			isa = XCRemoteSwiftPackageReference;
			repositoryURL = "https://github.com/pointfreeco/swift-snapshot-testing";
			requirement = {
				kind = upToNextMajorVersion;
				minimumVersion = 1.19.2;
			};
		};
		F9B5A21F2F53A61C004EBFD7 /* XCRemoteSwiftPackageReference "mapbox-maps-ios" */ = {
			isa = XCRemoteSwiftPackageReference;
			repositoryURL = "https://github.com/mapbox/mapbox-maps-ios";
			requirement = {
				kind = upToNextMajorVersion;
				minimumVersion = 11.0.0;
			};
		};
		F9C0F0012F90010100000001 /* XCRemoteSwiftPackageReference "stripe-ios-spm" */ = {
			isa = XCRemoteSwiftPackageReference;
			repositoryURL = "https://github.com/stripe/stripe-ios-spm.git";
			requirement = {
				kind = upToNextMajorVersion;
				minimumVersion = 24.0.0;
			};
		};
/* End XCRemoteSwiftPackageReference section */

/* Begin XCSwiftPackageProductDependency section */
		6464E51B2BA5C3ED0039C387 /* FirebaseAnalytics */ = {
			isa = XCSwiftPackageProductDependency;
			package = 6464E51A2BA5C3ED0039C387 /* XCRemoteSwiftPackageReference "firebase-ios-sdk" */;
			productName = FirebaseAnalytics;
		};
		6464E51F2BA5C3ED0039C387 /* FirebaseAuth */ = {
			isa = XCSwiftPackageProductDependency;
			package = 6464E51A2BA5C3ED0039C387 /* XCRemoteSwiftPackageReference "firebase-ios-sdk" */;
			productName = FirebaseAuth;
		};
		6464E5212BA5C3ED0039C387 /* FirebaseCrashlytics */ = {
			isa = XCSwiftPackageProductDependency;
			package = 6464E51A2BA5C3ED0039C387 /* XCRemoteSwiftPackageReference "firebase-ios-sdk" */;
			productName = FirebaseCrashlytics;
		};
		6464E5232BA5C3ED0039C387 /* FirebaseFirestore */ = {
			isa = XCSwiftPackageProductDependency;
			package = 6464E51A2BA5C3ED0039C387 /* XCRemoteSwiftPackageReference "firebase-ios-sdk" */;
			productName = FirebaseFirestore;
		};
		6464E5252BA5C3ED0039C387 /* FirebaseFirestoreCombine-Community */ = {
			isa = XCSwiftPackageProductDependency;
			package = 6464E51A2BA5C3ED0039C387 /* XCRemoteSwiftPackageReference "firebase-ios-sdk" */;
			productName = "FirebaseFirestoreCombine-Community";
		};
		6464E5292BA5C3ED0039C387 /* FirebaseFunctions */ = {
			isa = XCSwiftPackageProductDependency;
			package = 6464E51A2BA5C3ED0039C387 /* XCRemoteSwiftPackageReference "firebase-ios-sdk" */;
			productName = FirebaseFunctions;
		};
		6464E52B2BA5C3ED0039C387 /* FirebaseFunctionsCombine-Community */ = {
			isa = XCSwiftPackageProductDependency;
			package = 6464E51A2BA5C3ED0039C387 /* XCRemoteSwiftPackageReference "firebase-ios-sdk" */;
			productName = "FirebaseFunctionsCombine-Community";
		};
		6464E52D2BA5C3ED0039C387 /* FirebaseInAppMessaging-Beta */ = {
			isa = XCSwiftPackageProductDependency;
			package = 6464E51A2BA5C3ED0039C387 /* XCRemoteSwiftPackageReference "firebase-ios-sdk" */;
			productName = "FirebaseInAppMessaging-Beta";
		};
		648F563F2CF3DC4900B1BC28 /* ComposableArchitecture */ = {
			isa = XCSwiftPackageProductDependency;
			package = 648F563E2CF3DC4900B1BC28 /* XCRemoteSwiftPackageReference "swift-composable-architecture" */;
			productName = ComposableArchitecture;
		};
		BB0000022F47000100000001 /* Sharing */ = {
			isa = XCSwiftPackageProductDependency;
			productName = Sharing;
		};
		BB0000042F47000100000001 /* Clocks */ = {
			isa = XCSwiftPackageProductDependency;
			productName = Clocks;
		};
		BB0000062F47000100000001 /* CasePathsCore */ = {
			isa = XCSwiftPackageProductDependency;
			productName = CasePathsCore;
		};
		BB0000082F47000100000001 /* Dependencies */ = {
			isa = XCSwiftPackageProductDependency;
			productName = Dependencies;
		};
		BB00000A2F47000100000001 /* SwiftNavigation */ = {
			isa = XCSwiftPackageProductDependency;
			productName = SwiftNavigation;
		};
		F90899CB2F58B24D0006C8DF /* FirebaseMessaging */ = {
			isa = XCSwiftPackageProductDependency;
			package = 6464E51A2BA5C3ED0039C387 /* XCRemoteSwiftPackageReference "firebase-ios-sdk" */;
			productName = FirebaseMessaging;
		};
		F9A8B0372F828F36008B15E2 /* SnapshotTesting */ = {
			isa = XCSwiftPackageProductDependency;
			package = F9A8B0362F828F36008B15E2 /* XCRemoteSwiftPackageReference "swift-snapshot-testing" */;
			productName = SnapshotTesting;
		};
		F9A8B0462F829079008B15E2 /* SnapshotTesting */ = {
			isa = XCSwiftPackageProductDependency;
			package = F9A8B0362F828F36008B15E2 /* XCRemoteSwiftPackageReference "swift-snapshot-testing" */;
			productName = SnapshotTesting;
		};
		F9B5A2212F53A73B004EBFD7 /* MapboxMaps */ = {
			isa = XCSwiftPackageProductDependency;
			package = F9B5A21F2F53A61C004EBFD7 /* XCRemoteSwiftPackageReference "mapbox-maps-ios" */;
			productName = MapboxMaps;
		};
		F9C0F0022F90010100000001 /* StripePaymentSheet */ = {
			isa = XCSwiftPackageProductDependency;
			package = F9C0F0012F90010100000001 /* XCRemoteSwiftPackageReference "stripe-ios-spm" */;
			productName = StripePaymentSheet;
		};
/* End XCSwiftPackageProductDependency section */
	};
	rootObject = 647D9FB92BA3ABF2005B6566 /* Project object */;
}
