// !$*UTF8*$!
{
	archiveVersion = 1;
	classes = {
	};
	objectVersion = 70;
	objects = {

/* Begin PBXBuildFile section */
		6400630F2BBDC7B100C6C08C /* SelectionButton.swift in Sources */ = {isa = PBXBuildFile; fileRef = 6400630E2BBDC7B100C6C08C /* SelectionButton.swift */; };
		642E2D1B2BCC1C6400290B58 /* LocationClient.swift in Sources */ = {isa = PBXBuildFile; fileRef = 642E2D1A2BCC1C6400290B58 /* LocationClient.swift */; };
		645DF8282D306D0B005D8731 /* Lille.gpx in Resources */ = {isa = PBXBuildFile; fileRef = 645DF8272D306D0B005D8731 /* Lille.gpx */; };
		645DF82B2D306E5D005D8731 /* Stockholm.gpx in Resources */ = {isa = PBXBuildFile; fileRef = 645DF82A2D306E5D005D8731 /* Stockholm.gpx */; };
		6464E5092BA4A6AA0039C387 /* Selection.swift in Sources */ = {isa = PBXBuildFile; fileRef = 6464E5082BA4A6AA0039C387 /* Selection.swift */; };
		6464E50B2BA4A8280039C387 /* ChickenConfig.swift in Sources */ = {isa = PBXBuildFile; fileRef = 6464E50A2BA4A8280039C387 /* ChickenConfig.swift */; };
		6464E50F2BA4AA010039C387 /* App.swift in Sources */ = {isa = PBXBuildFile; fileRef = 6464E50E2BA4AA010039C387 /* App.swift */; };
		6464E5122BA4BAAC0039C387 /* CountdownView.swift in Sources */ = {isa = PBXBuildFile; fileRef = 6464E5112BA4BAAC0039C387 /* CountdownView.swift */; };
		6464E5152BA4BB770039C387 /* DateComponents+Utils.swift in Sources */ = {isa = PBXBuildFile; fileRef = 6464E5142BA4BB770039C387 /* DateComponents+Utils.swift */; };
		6464E5172BA4BBA40039C387 /* Date+Utils.swift in Sources */ = {isa = PBXBuildFile; fileRef = 6464E5162BA4BBA40039C387 /* Date+Utils.swift */; };
		6464E51C2BA5C3ED0039C387 /* FirebaseAnalytics in Frameworks */ = {isa = PBXBuildFile; productRef = 6464E51B2BA5C3ED0039C387 /* FirebaseAnalytics */; };
		6464E5202BA5C3ED0039C387 /* FirebaseAuth in Frameworks */ = {isa = PBXBuildFile; productRef = 6464E51F2BA5C3ED0039C387 /* FirebaseAuth */; };
		6464E5222BA5C3ED0039C387 /* FirebaseCrashlytics in Frameworks */ = {isa = PBXBuildFile; productRef = 6464E5212BA5C3ED0039C387 /* FirebaseCrashlytics */; };
		6464E5242BA5C3ED0039C387 /* FirebaseFirestore in Frameworks */ = {isa = PBXBuildFile; productRef = 6464E5232BA5C3ED0039C387 /* FirebaseFirestore */; };
		6464E5262BA5C3ED0039C387 /* FirebaseFirestoreCombine-Community in Frameworks */ = {isa = PBXBuildFile; productRef = 6464E5252BA5C3ED0039C387 /* FirebaseFirestoreCombine-Community */; };
		6464E52A2BA5C3ED0039C387 /* FirebaseFunctions in Frameworks */ = {isa = PBXBuildFile; productRef = 6464E5292BA5C3ED0039C387 /* FirebaseFunctions */; };
		6464E52C2BA5C3ED0039C387 /* FirebaseFunctionsCombine-Community in Frameworks */ = {isa = PBXBuildFile; productRef = 6464E52B2BA5C3ED0039C387 /* FirebaseFunctionsCombine-Community */; };
		6464E52E2BA5C3ED0039C387 /* FirebaseInAppMessaging-Beta in Frameworks */ = {isa = PBXBuildFile; productRef = 6464E52D2BA5C3ED0039C387 /* FirebaseInAppMessaging-Beta */; };
		6464E5322BA5DBAA0039C387 /* Game.swift in Sources */ = {isa = PBXBuildFile; fileRef = 6464E5312BA5DBAA0039C387 /* Game.swift */; };
		6464E5342BA5DE190039C387 /* GeoPoint+Utils.swift in Sources */ = {isa = PBXBuildFile; fileRef = 6464E5332BA5DE190039C387 /* GeoPoint+Utils.swift */; };
		6464E5362BA603F00039C387 /* ChickenLocation.swift in Sources */ = {isa = PBXBuildFile; fileRef = 6464E5352BA603F00039C387 /* ChickenLocation.swift */; };
		6464E53A2BA61F9A0039C387 /* ChickenMap.swift in Sources */ = {isa = PBXBuildFile; fileRef = 6464E5392BA61F9A0039C387 /* ChickenMap.swift */; };
		6464E53D2BA744DD0039C387 /* ApiClient.swift in Sources */ = {isa = PBXBuildFile; fileRef = 6464E53C2BA744DD0039C387 /* ApiClient.swift */; };
		647D9FC52BA3ABF2005B6566 /* PoulePartyApp.swift in Sources */ = {isa = PBXBuildFile; fileRef = 647D9FC42BA3ABF2005B6566 /* PoulePartyApp.swift */; };
		647D9FC72BA3ABF2005B6566 /* HunterMap.swift in Sources */ = {isa = PBXBuildFile; fileRef = 647D9FC62BA3ABF2005B6566 /* HunterMap.swift */; };
		647D9FC92BA3ABF3005B6566 /* Assets.xcassets in Resources */ = {isa = PBXBuildFile; fileRef = 647D9FC82BA3ABF3005B6566 /* Assets.xcassets */; };
		647D9FCD2BA3ABF3005B6566 /* Preview Assets.xcassets in Resources */ = {isa = PBXBuildFile; fileRef = 647D9FCC2BA3ABF3005B6566 /* Preview Assets.xcassets */; };
		648F56402CF3DC4900B1BC28 /* ComposableArchitecture in Frameworks */ = {isa = PBXBuildFile; productRef = 648F563F2CF3DC4900B1BC28 /* ComposableArchitecture */; };
		649BE2092BAF43CC00520CE3 /* Image+Utils.swift in Sources */ = {isa = PBXBuildFile; fileRef = 649BE2082BAF43CC00520CE3 /* Image+Utils.swift */; };
		649F06802BA8A11F00DDE737 /* UUID+Utils.swift in Sources */ = {isa = PBXBuildFile; fileRef = 649F067F2BA8A11F00DDE737 /* UUID+Utils.swift */; };
		64AF0B022BA7A0110081EA97 /* Color+Utils.swift in Sources */ = {isa = PBXBuildFile; fileRef = 64AF0B012BA7A0110081EA97 /* Color+Utils.swift */; };
		64B216F12BBEF382005E0DC7 /* Bangers-Regular.ttf in Resources */ = {isa = PBXBuildFile; fileRef = 64B216EE2BBEF382005E0DC7 /* Bangers-Regular.ttf */; };
		64B216F22BBEF382005E0DC7 /* OFL.txt in Resources */ = {isa = PBXBuildFile; fileRef = 64B216EF2BBEF382005E0DC7 /* OFL.txt */; };
		64B216F42BBEF41C005E0DC7 /* Font+Utils.swift in Sources */ = {isa = PBXBuildFile; fileRef = 64B216F32BBEF41C005E0DC7 /* Font+Utils.swift */; };
		64B216F92BBF0293005E0DC7 /* Launch Screen.storyboard in Resources */ = {isa = PBXBuildFile; fileRef = 64B216F82BBF0293005E0DC7 /* Launch Screen.storyboard */; };
		64B216FD2BBF162C005E0DC7 /* ChickenMapConfig.swift in Sources */ = {isa = PBXBuildFile; fileRef = 64B216FC2BBF162C005E0DC7 /* ChickenMapConfig.swift */; };
		64C9CAE22CEBD6C70087BE13 /* Early GameBoy.ttf in Resources */ = {isa = PBXBuildFile; fileRef = 64C9CAE12CEBD6C70087BE13 /* Early GameBoy.ttf */; };
		64C9CAE42CEBEDE00087BE13 /* background-music.mp3 in Resources */ = {isa = PBXBuildFile; fileRef = 64C9CAE32CEBEDE00087BE13 /* background-music.mp3 */; };
		64CE0F842CEE8E8200762232 /* Localizable.xcstrings in Resources */ = {isa = PBXBuildFile; fileRef = 64CE0F832CEE8E8200762232 /* Localizable.xcstrings */; };
		64D917A62DA0F83200A1B3C5 /* Onboarding.swift in Sources */ = {isa = PBXBuildFile; fileRef = 64D917A52DA0F83200A1B3C5 /* Onboarding.swift */; };
		64E1A0012DE3B00100AABB01 /* HunterLocation.swift in Sources */ = {isa = PBXBuildFile; fileRef = 64E1A0002DE3B00100AABB01 /* HunterLocation.swift */; };
		64E1A0032DE3C00100AABB01 /* GameRules.swift in Sources */ = {isa = PBXBuildFile; fileRef = 64E1A0022DE3C00100AABB01 /* GameRules.swift */; };
		64F10C2A2BA9E04D001D83D8 /* EndGameCode.swift in Sources */ = {isa = PBXBuildFile; fileRef = 64F10C292BA9E04D001D83D8 /* EndGameCode.swift */; };
		AA0000032F46800100000001 /* ComposableArchitecture in Frameworks */ = {isa = PBXBuildFile; productRef = AA0000042F46800100000001 /* ComposableArchitecture */; };
		AA0000062F46900100000001 /* MapOverlays.swift in Sources */ = {isa = PBXBuildFile; fileRef = AA0000052F46900100000001 /* MapOverlays.swift */; };
		BB0000012F47000100000001 /* Sharing in Frameworks */ = {isa = PBXBuildFile; productRef = BB0000022F47000100000001 /* Sharing */; };
		BB0000032F47000100000001 /* Clocks in Frameworks */ = {isa = PBXBuildFile; productRef = BB0000042F47000100000001 /* Clocks */; };
		BB0000052F47000100000001 /* CasePathsCore in Frameworks */ = {isa = PBXBuildFile; productRef = BB0000062F47000100000001 /* CasePathsCore */; };
		BB0000072F47000100000001 /* Dependencies in Frameworks */ = {isa = PBXBuildFile; productRef = BB0000082F47000100000001 /* Dependencies */; };
		BB0000092F47000100000001 /* SwiftNavigation in Frameworks */ = {isa = PBXBuildFile; productRef = BB00000A2F47000100000001 /* SwiftNavigation */; };
		CC0000012F47100100000001 /* SwiftNavigation in Frameworks */ = {isa = PBXBuildFile; productRef = CC0000022F47100100000001 /* SwiftNavigation */; };
		D964CC4CA5BD0906B58941B7 /* Victory.swift in Sources */ = {isa = PBXBuildFile; fileRef = 26AC030B90FF548206441E43 /* Victory.swift */; };
		F2E1D0C9B8A7F6E5D4C3B2A1 /* GameStartCountdownOverlay.swift in Sources */ = {isa = PBXBuildFile; fileRef = A1B2C3D4E5F6A7B8C9D0E1F2 /* GameStartCountdownOverlay.swift */; };
		F986A3752F48AAC00086DF16 /* GoogleService-Info.plist in Resources */ = {isa = PBXBuildFile; fileRef = F986A3742F48AAC00086DF16 /* GoogleService-Info.plist */; };
/* End PBXBuildFile section */

/* Begin PBXContainerItemProxy section */
		646D8E3D2F467E520068ABBF /* PBXContainerItemProxy */ = {
			isa = PBXContainerItemProxy;
			containerPortal = 647D9FB92BA3ABF2005B6566 /* Project object */;
			proxyType = 1;
			remoteGlobalIDString = 647D9FC02BA3ABF2005B6566;
			remoteInfo = PouleParty;
		};
/* End PBXContainerItemProxy section */

/* Begin PBXFileReference section */
		26AC030B90FF548206441E43 /* Victory.swift */ = {isa = PBXFileReference; lastKnownFileType = sourcecode.swift; path = Victory.swift; sourceTree = "<group>"; };
		6400630E2BBDC7B100C6C08C /* SelectionButton.swift */ = {isa = PBXFileReference; lastKnownFileType = sourcecode.swift; path = SelectionButton.swift; sourceTree = "<group>"; };
		6405C2912BFC871B00A35A50 /* Bxl.gpx */ = {isa = PBXFileReference; lastKnownFileType = text.xml; path = Bxl.gpx; sourceTree = "<group>"; };
		642E2D1A2BCC1C6400290B58 /* LocationClient.swift */ = {isa = PBXFileReference; lastKnownFileType = sourcecode.swift; path = LocationClient.swift; sourceTree = "<group>"; };
		643A59942BC9C1E8002B53B6 /* Lasne.gpx */ = {isa = PBXFileReference; lastKnownFileType = text.xml; path = Lasne.gpx; sourceTree = "<group>"; };
		643A59952BC9C38B002B53B6 /* Namur.gpx */ = {isa = PBXFileReference; lastKnownFileType = text.xml; path = Namur.gpx; sourceTree = "<group>"; };
		645DF8272D306D0B005D8731 /* Lille.gpx */ = {isa = PBXFileReference; lastKnownFileType = text.xml; path = Lille.gpx; sourceTree = "<group>"; };
		645DF82A2D306E5D005D8731 /* Stockholm.gpx */ = {isa = PBXFileReference; lastKnownFileType = text.xml; path = Stockholm.gpx; sourceTree = "<group>"; };
		64620C802BA3C81C006B329C /* Info.plist */ = {isa = PBXFileReference; lastKnownFileType = text.plist; path = Info.plist; sourceTree = "<group>"; };
		6464E5082BA4A6AA0039C387 /* Selection.swift */ = {isa = PBXFileReference; lastKnownFileType = sourcecode.swift; path = Selection.swift; sourceTree = "<group>"; };
		6464E50A2BA4A8280039C387 /* ChickenConfig.swift */ = {isa = PBXFileReference; lastKnownFileType = sourcecode.swift; path = ChickenConfig.swift; sourceTree = "<group>"; };
		6464E50E2BA4AA010039C387 /* App.swift */ = {isa = PBXFileReference; lastKnownFileType = sourcecode.swift; path = App.swift; sourceTree = "<group>"; };
		6464E5112BA4BAAC0039C387 /* CountdownView.swift */ = {isa = PBXFileReference; lastKnownFileType = sourcecode.swift; path = CountdownView.swift; sourceTree = "<group>"; };
		6464E5142BA4BB770039C387 /* DateComponents+Utils.swift */ = {isa = PBXFileReference; lastKnownFileType = sourcecode.swift; path = "DateComponents+Utils.swift"; sourceTree = "<group>"; };
		6464E5162BA4BBA40039C387 /* Date+Utils.swift */ = {isa = PBXFileReference; lastKnownFileType = sourcecode.swift; path = "Date+Utils.swift"; sourceTree = "<group>"; };
		6464E5312BA5DBAA0039C387 /* Game.swift */ = {isa = PBXFileReference; lastKnownFileType = sourcecode.swift; path = Game.swift; sourceTree = "<group>"; };
		6464E5332BA5DE190039C387 /* GeoPoint+Utils.swift */ = {isa = PBXFileReference; lastKnownFileType = sourcecode.swift; path = "GeoPoint+Utils.swift"; sourceTree = "<group>"; };
		6464E5352BA603F00039C387 /* ChickenLocation.swift */ = {isa = PBXFileReference; lastKnownFileType = sourcecode.swift; path = ChickenLocation.swift; sourceTree = "<group>"; };
		6464E5392BA61F9A0039C387 /* ChickenMap.swift */ = {isa = PBXFileReference; lastKnownFileType = sourcecode.swift; path = ChickenMap.swift; sourceTree = "<group>"; };
		6464E53C2BA744DD0039C387 /* ApiClient.swift */ = {isa = PBXFileReference; lastKnownFileType = sourcecode.swift; path = ApiClient.swift; sourceTree = "<group>"; };
		646D8E392F467E520068ABBF /* PoulePartyTests.xctest */ = {isa = PBXFileReference; explicitFileType = wrapper.cfbundle; includeInIndex = 0; path = PoulePartyTests.xctest; sourceTree = BUILT_PRODUCTS_DIR; };
		647D9FC12BA3ABF2005B6566 /* PouleParty.app */ = {isa = PBXFileReference; explicitFileType = wrapper.application; includeInIndex = 0; path = PouleParty.app; sourceTree = BUILT_PRODUCTS_DIR; };
		647D9FC42BA3ABF2005B6566 /* PoulePartyApp.swift */ = {isa = PBXFileReference; lastKnownFileType = sourcecode.swift; path = PoulePartyApp.swift; sourceTree = "<group>"; };
		647D9FC62BA3ABF2005B6566 /* HunterMap.swift */ = {isa = PBXFileReference; lastKnownFileType = sourcecode.swift; path = HunterMap.swift; sourceTree = "<group>"; };
		647D9FC82BA3ABF3005B6566 /* Assets.xcassets */ = {isa = PBXFileReference; lastKnownFileType = folder.assetcatalog; path = Assets.xcassets; sourceTree = "<group>"; };
		647D9FCA2BA3ABF3005B6566 /* PouleParty.entitlements */ = {isa = PBXFileReference; lastKnownFileType = text.plist.entitlements; path = PouleParty.entitlements; sourceTree = "<group>"; };
		647D9FCC2BA3ABF3005B6566 /* Preview Assets.xcassets */ = {isa = PBXFileReference; lastKnownFileType = folder.assetcatalog; path = "Preview Assets.xcassets"; sourceTree = "<group>"; };
		649BE2082BAF43CC00520CE3 /* Image+Utils.swift */ = {isa = PBXFileReference; lastKnownFileType = sourcecode.swift; path = "Image+Utils.swift"; sourceTree = "<group>"; };
		649F067F2BA8A11F00DDE737 /* UUID+Utils.swift */ = {isa = PBXFileReference; lastKnownFileType = sourcecode.swift; path = "UUID+Utils.swift"; sourceTree = "<group>"; };
		64AF0B012BA7A0110081EA97 /* Color+Utils.swift */ = {isa = PBXFileReference; lastKnownFileType = sourcecode.swift; path = "Color+Utils.swift"; sourceTree = "<group>"; };
		64B216EE2BBEF382005E0DC7 /* Bangers-Regular.ttf */ = {isa = PBXFileReference; lastKnownFileType = file; path = "Bangers-Regular.ttf"; sourceTree = "<group>"; };
		64B216EF2BBEF382005E0DC7 /* OFL.txt */ = {isa = PBXFileReference; fileEncoding = 4; lastKnownFileType = text; path = OFL.txt; sourceTree = "<group>"; };
		64B216F32BBEF41C005E0DC7 /* Font+Utils.swift */ = {isa = PBXFileReference; lastKnownFileType = sourcecode.swift; path = "Font+Utils.swift"; sourceTree = "<group>"; };
		64B216F82BBF0293005E0DC7 /* Launch Screen.storyboard */ = {isa = PBXFileReference; lastKnownFileType = file.storyboard; path = "Launch Screen.storyboard"; sourceTree = "<group>"; };
		64B216FC2BBF162C005E0DC7 /* ChickenMapConfig.swift */ = {isa = PBXFileReference; lastKnownFileType = sourcecode.swift; path = ChickenMapConfig.swift; sourceTree = "<group>"; };
		64C9CAE12CEBD6C70087BE13 /* Early GameBoy.ttf */ = {isa = PBXFileReference; lastKnownFileType = file; path = "Early GameBoy.ttf"; sourceTree = "<group>"; };
		64C9CAE32CEBEDE00087BE13 /* background-music.mp3 */ = {isa = PBXFileReference; lastKnownFileType = audio.mp3; path = "background-music.mp3"; sourceTree = "<group>"; };
		64CE0F832CEE8E8200762232 /* Localizable.xcstrings */ = {isa = PBXFileReference; lastKnownFileType = text.json.xcstrings; path = Localizable.xcstrings; sourceTree = "<group>"; };
		64D917A52DA0F83200A1B3C5 /* Onboarding.swift */ = {isa = PBXFileReference; lastKnownFileType = sourcecode.swift; path = Onboarding.swift; sourceTree = "<group>"; };
		64E1A0002DE3B00100AABB01 /* HunterLocation.swift */ = {isa = PBXFileReference; lastKnownFileType = sourcecode.swift; path = HunterLocation.swift; sourceTree = "<group>"; };
		64E1A0022DE3C00100AABB01 /* GameRules.swift */ = {isa = PBXFileReference; lastKnownFileType = sourcecode.swift; path = GameRules.swift; sourceTree = "<group>"; };
		64F10C292BA9E04D001D83D8 /* EndGameCode.swift */ = {isa = PBXFileReference; lastKnownFileType = sourcecode.swift; path = EndGameCode.swift; sourceTree = "<group>"; };
		64FDBE382BC32AD60073DC85 /* La Rochelle.gpx */ = {isa = PBXFileReference; lastKnownFileType = text.xml; path = "La Rochelle.gpx"; sourceTree = "<group>"; };
		A1B2C3D4E5F6A7B8C9D0E1F2 /* GameStartCountdownOverlay.swift */ = {isa = PBXFileReference; lastKnownFileType = sourcecode.swift; path = GameStartCountdownOverlay.swift; sourceTree = "<group>"; };
		AA0000052F46900100000001 /* MapOverlays.swift */ = {isa = PBXFileReference; lastKnownFileType = sourcecode.swift; path = MapOverlays.swift; sourceTree = "<group>"; };
		F986A3742F48AAC00086DF16 /* GoogleService-Info.plist */ = {isa = PBXFileReference; lastKnownFileType = text.plist.xml; path = "GoogleService-Info.plist"; sourceTree = "<group>"; };
/* End PBXFileReference section */

/* Begin PBXFileSystemSynchronizedRootGroup section */
		646D8E462F467EB70068ABBF /* PoulePartyTests */ = {isa = PBXFileSystemSynchronizedRootGroup; explicitFileTypes = {}; explicitFolders = (); path = PoulePartyTests; sourceTree = "<group>"; };
/* End PBXFileSystemSynchronizedRootGroup section */

/* Begin PBXFrameworksBuildPhase section */
		646D8E362F467E520068ABBF /* Frameworks */ = {
			isa = PBXFrameworksBuildPhase;
			buildActionMask = 2147483647;
			files = (
				AA0000032F46800100000001 /* ComposableArchitecture in Frameworks */,
				CC0000012F47100100000001 /* SwiftNavigation in Frameworks */,
			);
			runOnlyForDeploymentPostprocessing = 0;
		};
		647D9FBE2BA3ABF2005B6566 /* Frameworks */ = {
			isa = PBXFrameworksBuildPhase;
			buildActionMask = 2147483647;
			files = (
				6464E51C2BA5C3ED0039C387 /* FirebaseAnalytics in Frameworks */,
				648F56402CF3DC4900B1BC28 /* ComposableArchitecture in Frameworks */,
				BB0000012F47000100000001 /* Sharing in Frameworks */,
				BB0000032F47000100000001 /* Clocks in Frameworks */,
				BB0000052F47000100000001 /* CasePathsCore in Frameworks */,
				BB0000072F47000100000001 /* Dependencies in Frameworks */,
				BB0000092F47000100000001 /* SwiftNavigation in Frameworks */,
				6464E5222BA5C3ED0039C387 /* FirebaseCrashlytics in Frameworks */,
				6464E52C2BA5C3ED0039C387 /* FirebaseFunctionsCombine-Community in Frameworks */,
				6464E52A2BA5C3ED0039C387 /* FirebaseFunctions in Frameworks */,
				6464E52E2BA5C3ED0039C387 /* FirebaseInAppMessaging-Beta in Frameworks */,
				6464E5202BA5C3ED0039C387 /* FirebaseAuth in Frameworks */,
				6464E5242BA5C3ED0039C387 /* FirebaseFirestore in Frameworks */,
				6464E5262BA5C3ED0039C387 /* FirebaseFirestoreCombine-Community in Frameworks */,
			);
			runOnlyForDeploymentPostprocessing = 0;
		};
/* End PBXFrameworksBuildPhase section */

/* Begin PBXGroup section */
		6464E5072BA4A65A0039C387 /* Screens */ = {
			isa = PBXGroup;
			children = (
				6464E50A2BA4A8280039C387 /* ChickenConfig.swift */,
				6464E5392BA61F9A0039C387 /* ChickenMap.swift */,
				64B216FC2BBF162C005E0DC7 /* ChickenMapConfig.swift */,
				64F10C292BA9E04D001D83D8 /* EndGameCode.swift */,
				647D9FC62BA3ABF2005B6566 /* HunterMap.swift */,
				64D917A52DA0F83200A1B3C5 /* Onboarding.swift */,
				6464E5082BA4A6AA0039C387 /* Selection.swift */,
				26AC030B90FF548206441E43 /* Victory.swift */,
			);
			name = Screens;
			sourceTree = "<group>";
		};
		6464E5102BA4BA9E0039C387 /* Views */ = {
			isa = PBXGroup;
			children = (
				6464E5112BA4BAAC0039C387 /* CountdownView.swift */,
				A1B2C3D4E5F6A7B8C9D0E1F2 /* GameStartCountdownOverlay.swift */,
				6400630E2BBDC7B100C6C08C /* SelectionButton.swift */,
			);
			name = Views;
			sourceTree = "<group>";
		};
		6464E5132BA4BB660039C387 /* Utils */ = {
			isa = PBXGroup;
			children = (
				64AF0B012BA7A0110081EA97 /* Color+Utils.swift */,
				6464E5162BA4BBA40039C387 /* Date+Utils.swift */,
				6464E5142BA4BB770039C387 /* DateComponents+Utils.swift */,
				64B216F32BBEF41C005E0DC7 /* Font+Utils.swift */,
				6464E5332BA5DE190039C387 /* GeoPoint+Utils.swift */,
				649BE2082BAF43CC00520CE3 /* Image+Utils.swift */,
				649F067F2BA8A11F00DDE737 /* UUID+Utils.swift */,
			);
			name = Utils;
			sourceTree = "<group>";
		};
		6464E5302BA5DBA10039C387 /* Models */ = {
			isa = PBXGroup;
			children = (
				6464E5312BA5DBAA0039C387 /* Game.swift */,
				64E1A0022DE3C00100AABB01 /* GameRules.swift */,
				AA0000052F46900100000001 /* MapOverlays.swift */,
				6464E5352BA603F00039C387 /* ChickenLocation.swift */,
				64E1A0002DE3B00100AABB01 /* HunterLocation.swift */,
			);
			name = Models;
			sourceTree = "<group>";
		};
		6464E53B2BA744CD0039C387 /* Dependencies */ = {
			isa = PBXGroup;
			children = (
				6464E53C2BA744DD0039C387 /* ApiClient.swift */,
				642E2D1A2BCC1C6400290B58 /* LocationClient.swift */,
			);
			name = Dependencies;
			sourceTree = "<group>";
		};
		647D9FB82BA3ABF2005B6566 = {
			isa = PBXGroup;
			children = (
				64CE0F832CEE8E8200762232 /* Localizable.xcstrings */,
				6405C2912BFC871B00A35A50 /* Bxl.gpx */,
				F986A3742F48AAC00086DF16 /* GoogleService-Info.plist */,
				64FDBE382BC32AD60073DC85 /* La Rochelle.gpx */,
				645DF8272D306D0B005D8731 /* Lille.gpx */,
				645DF82A2D306E5D005D8731 /* Stockholm.gpx */,
				643A59942BC9C1E8002B53B6 /* Lasne.gpx */,
				643A59952BC9C38B002B53B6 /* Namur.gpx */,
				646D8E462F467EB70068ABBF /* PoulePartyTests */,
				647D9FC32BA3ABF2005B6566 /* PouleParty */,
				647D9FC22BA3ABF2005B6566 /* Products */,
			);
			sourceTree = "<group>";
		};
		647D9FC22BA3ABF2005B6566 /* Products */ = {
			isa = PBXGroup;
			children = (
				647D9FC12BA3ABF2005B6566 /* PouleParty.app */,
				646D8E392F467E520068ABBF /* PoulePartyTests.xctest */,
			);
			name = Products;
			sourceTree = "<group>";
		};
		647D9FC32BA3ABF2005B6566 /* PouleParty */ = {
			isa = PBXGroup;
			children = (
				647D9FCA2BA3ABF3005B6566 /* PouleParty.entitlements */,
				64620C802BA3C81C006B329C /* Info.plist */,
				64C9CAE32CEBEDE00087BE13 /* background-music.mp3 */,
				6464E50E2BA4AA010039C387 /* App.swift */,
				647D9FC42BA3ABF2005B6566 /* PoulePartyApp.swift */,
				647D9FC82BA3ABF3005B6566 /* Assets.xcassets */,
				6464E53B2BA744CD0039C387 /* Dependencies */,
				64B216ED2BBEF32F005E0DC7 /* Fonts */,
				6464E5302BA5DBA10039C387 /* Models */,
				647D9FCB2BA3ABF3005B6566 /* Preview Content */,
				6464E5072BA4A65A0039C387 /* Screens */,
				6464E5132BA4BB660039C387 /* Utils */,
				6464E5102BA4BA9E0039C387 /* Views */,
				64B216F82BBF0293005E0DC7 /* Launch Screen.storyboard */,
			);
			path = PouleParty;
			sourceTree = "<group>";
		};
		647D9FCB2BA3ABF3005B6566 /* Preview Content */ = {
			isa = PBXGroup;
			children = (
				647D9FCC2BA3ABF3005B6566 /* Preview Assets.xcassets */,
			);
			path = "Preview Content";
			sourceTree = "<group>";
		};
		64B216ED2BBEF32F005E0DC7 /* Fonts */ = {
			isa = PBXGroup;
			children = (
				64B216F02BBEF382005E0DC7 /* Bangers */,
				64C9CAE12CEBD6C70087BE13 /* Early GameBoy.ttf */,
			);
			name = Fonts;
			sourceTree = "<group>";
		};
		64B216F02BBEF382005E0DC7 /* Bangers */ = {
			isa = PBXGroup;
			children = (
				64B216EE2BBEF382005E0DC7 /* Bangers-Regular.ttf */,
				64B216EF2BBEF382005E0DC7 /* OFL.txt */,
			);
			path = Bangers;
			sourceTree = "<group>";
		};
/* End PBXGroup section */

/* Begin PBXNativeTarget section */
		646D8E382F467E520068ABBF /* PoulePartyTests */ = {
			isa = PBXNativeTarget;
			buildConfigurationList = 646D8E412F467E520068ABBF /* Build configuration list for PBXNativeTarget "PoulePartyTests" */;
			buildPhases = (
				646D8E352F467E520068ABBF /* Sources */,
				646D8E362F467E520068ABBF /* Frameworks */,
				646D8E372F467E520068ABBF /* Resources */,
			);
			buildRules = (
			);
			dependencies = (
				646D8E3E2F467E520068ABBF /* PBXTargetDependency */,
			);
			fileSystemSynchronizedGroups = (
				646D8E462F467EB70068ABBF /* PoulePartyTests */,
			);
			name = PoulePartyTests;
			packageProductDependencies = (
				AA0000042F46800100000001 /* ComposableArchitecture */,
				CC0000022F47100100000001 /* SwiftNavigation */,
			);
			productName = PoulePartyTests;
			productReference = 646D8E392F467E520068ABBF /* PoulePartyTests.xctest */;
			productType = "com.apple.product-type.bundle.unit-test";
		};
		647D9FC02BA3ABF2005B6566 /* PouleParty */ = {
			isa = PBXNativeTarget;
			buildConfigurationList = 647D9FD02BA3ABF3005B6566 /* Build configuration list for PBXNativeTarget "PouleParty" */;
			buildPhases = (
				647D9FBD2BA3ABF2005B6566 /* Sources */,
				647D9FBE2BA3ABF2005B6566 /* Frameworks */,
				647D9FBF2BA3ABF2005B6566 /* Resources */,
				6464E52F2BA5C54D0039C387 /* Crashlytics */,
			);
			buildRules = (
			);
			dependencies = (
			);
			name = PouleParty;
			packageProductDependencies = (
				6464E51B2BA5C3ED0039C387 /* FirebaseAnalytics */,
				6464E51F2BA5C3ED0039C387 /* FirebaseAuth */,
				6464E5212BA5C3ED0039C387 /* FirebaseCrashlytics */,
				6464E5232BA5C3ED0039C387 /* FirebaseFirestore */,
				6464E5252BA5C3ED0039C387 /* FirebaseFirestoreCombine-Community */,
				6464E5292BA5C3ED0039C387 /* FirebaseFunctions */,
				6464E52B2BA5C3ED0039C387 /* FirebaseFunctionsCombine-Community */,
				6464E52D2BA5C3ED0039C387 /* FirebaseInAppMessaging-Beta */,
				648F563F2CF3DC4900B1BC28 /* ComposableArchitecture */,
				BB0000022F47000100000001 /* Sharing */,
				BB0000042F47000100000001 /* Clocks */,
				BB0000062F47000100000001 /* CasePathsCore */,
				BB0000082F47000100000001 /* Dependencies */,
				BB00000A2F47000100000001 /* SwiftNavigation */,
			);
			productName = PouleParty;
			productReference = 647D9FC12BA3ABF2005B6566 /* PouleParty.app */;
			productType = "com.apple.product-type.application";
		};
/* End PBXNativeTarget section */

/* Begin PBXProject section */
		647D9FB92BA3ABF2005B6566 /* Project object */ = {
			isa = PBXProject;
			attributes = {
				BuildIndependentTargetsInParallel = 1;
				LastSwiftUpdateCheck = 2620;
				LastUpgradeCheck = 2620;
				TargetAttributes = {
					646D8E382F467E520068ABBF = {
						CreatedOnToolsVersion = 26.2;
						TestTargetID = 647D9FC02BA3ABF2005B6566;
					};
					647D9FC02BA3ABF2005B6566 = {
						CreatedOnToolsVersion = 15.3;
					};
				};
			};
			buildConfigurationList = 647D9FBC2BA3ABF2005B6566 /* Build configuration list for PBXProject "PouleParty" */;
			compatibilityVersion = "Xcode 14.0";
			developmentRegion = en;
			hasScannedForEncodings = 0;
			knownRegions = (
				en,
				fr,
				Base,
			);
			mainGroup = 647D9FB82BA3ABF2005B6566;
			packageReferences = (
				6464E51A2BA5C3ED0039C387 /* XCRemoteSwiftPackageReference "firebase-ios-sdk" */,
				648F563E2CF3DC4900B1BC28 /* XCRemoteSwiftPackageReference "swift-composable-architecture" */,
			);
			productRefGroup = 647D9FC22BA3ABF2005B6566 /* Products */;
			projectDirPath = "";
			projectRoot = "";
			targets = (
				647D9FC02BA3ABF2005B6566 /* PouleParty */,
				646D8E382F467E520068ABBF /* PoulePartyTests */,
			);
		};
/* End PBXProject section */

/* Begin PBXResourcesBuildPhase section */
		646D8E372F467E520068ABBF /* Resources */ = {
			isa = PBXResourcesBuildPhase;
			buildActionMask = 2147483647;
			files = (
			);
			runOnlyForDeploymentPostprocessing = 0;
		};
		647D9FBF2BA3ABF2005B6566 /* Resources */ = {
			isa = PBXResourcesBuildPhase;
			buildActionMask = 2147483647;
			files = (
				64B216F92BBF0293005E0DC7 /* Launch Screen.storyboard in Resources */,
				64C9CAE42CEBEDE00087BE13 /* background-music.mp3 in Resources */,
				64C9CAE22CEBD6C70087BE13 /* Early GameBoy.ttf in Resources */,
				645DF8282D306D0B005D8731 /* Lille.gpx in Resources */,
				645DF82B2D306E5D005D8731 /* Stockholm.gpx in Resources */,
				64B216F22BBEF382005E0DC7 /* OFL.txt in Resources */,
				64B216F12BBEF382005E0DC7 /* Bangers-Regular.ttf in Resources */,
				647D9FCD2BA3ABF3005B6566 /* Preview Assets.xcassets in Resources */,
				F986A3752F48AAC00086DF16 /* GoogleService-Info.plist in Resources */,
				647D9FC92BA3ABF3005B6566 /* Assets.xcassets in Resources */,
				64CE0F842CEE8E8200762232 /* Localizable.xcstrings in Resources */,
			);
			runOnlyForDeploymentPostprocessing = 0;
		};
/* End PBXResourcesBuildPhase section */

/* Begin PBXShellScriptBuildPhase section */
		6464E52F2BA5C54D0039C387 /* Crashlytics */ = {
			isa = PBXShellScriptBuildPhase;
			alwaysOutOfDate = 1;
			buildActionMask = 2147483647;
			files = (
			);
			inputFileListPaths = (
			);
			inputPaths = (
				"${DWARF_DSYM_FOLDER_PATH}/${DWARF_DSYM_FILE_NAME}",
				"${DWARF_DSYM_FOLDER_PATH}/${DWARF_DSYM_FILE_NAME}/Contents/Resources/DWARF/${PRODUCT_NAME}",
				"${DWARF_DSYM_FOLDER_PATH}/${DWARF_DSYM_FILE_NAME}/Contents/Info.plist",
				"$(TARGET_BUILD_DIR)/$(UNLOCALIZED_RESOURCES_FOLDER_PATH)/GoogleService-Info.plist",
				"$(TARGET_BUILD_DIR)/$(EXECUTABLE_PATH)",
			);
			name = Crashlytics;
			outputFileListPaths = (
			);
			outputPaths = (
			);
			runOnlyForDeploymentPostprocessing = 0;
			shellPath = /bin/sh;
			shellScript = "# ⚠️ Have to be the last build phase, otherwise Crashlytics won't properly process dSYMs\n\n\"${BUILD_DIR%/Build/*}/SourcePackages/checkouts/firebase-ios-sdk/Crashlytics/run\"\n";
		};
/* End PBXShellScriptBuildPhase section */

/* Begin PBXSourcesBuildPhase section */
		646D8E352F467E520068ABBF /* Sources */ = {
			isa = PBXSourcesBuildPhase;
			buildActionMask = 2147483647;
			files = (
			);
			runOnlyForDeploymentPostprocessing = 0;
		};
		647D9FBD2BA3ABF2005B6566 /* Sources */ = {
			isa = PBXSourcesBuildPhase;
			buildActionMask = 2147483647;
			files = (
				6464E5092BA4A6AA0039C387 /* Selection.swift in Sources */,
				642E2D1B2BCC1C6400290B58 /* LocationClient.swift in Sources */,
				6464E5362BA603F00039C387 /* ChickenLocation.swift in Sources */,
				64E1A0012DE3B00100AABB01 /* HunterLocation.swift in Sources */,
				6464E53D2BA744DD0039C387 /* ApiClient.swift in Sources */,
				6464E53A2BA61F9A0039C387 /* ChickenMap.swift in Sources */,
				647D9FC72BA3ABF2005B6566 /* HunterMap.swift in Sources */,
				6464E5152BA4BB770039C387 /* DateComponents+Utils.swift in Sources */,
				6464E5122BA4BAAC0039C387 /* CountdownView.swift in Sources */,
				647D9FC52BA3ABF2005B6566 /* PoulePartyApp.swift in Sources */,
				6464E5172BA4BBA40039C387 /* Date+Utils.swift in Sources */,
				6464E5322BA5DBAA0039C387 /* Game.swift in Sources */,
				64E1A0032DE3C00100AABB01 /* GameRules.swift in Sources */,
				F2E1D0C9B8A7F6E5D4C3B2A1 /* GameStartCountdownOverlay.swift in Sources */,
				64F10C2A2BA9E04D001D83D8 /* EndGameCode.swift in Sources */,
				6464E5342BA5DE190039C387 /* GeoPoint+Utils.swift in Sources */,
				649F06802BA8A11F00DDE737 /* UUID+Utils.swift in Sources */,
				6464E50B2BA4A8280039C387 /* ChickenConfig.swift in Sources */,
				64B216F42BBEF41C005E0DC7 /* Font+Utils.swift in Sources */,
				649BE2092BAF43CC00520CE3 /* Image+Utils.swift in Sources */,
				6464E50F2BA4AA010039C387 /* App.swift in Sources */,
				64D917A62DA0F83200A1B3C5 /* Onboarding.swift in Sources */,
				6400630F2BBDC7B100C6C08C /* SelectionButton.swift in Sources */,
				64B216FD2BBF162C005E0DC7 /* ChickenMapConfig.swift in Sources */,
				64AF0B022BA7A0110081EA97 /* Color+Utils.swift in Sources */,
				AA0000062F46900100000001 /* MapOverlays.swift in Sources */,
				D964CC4CA5BD0906B58941B7 /* Victory.swift in Sources */,
			);
			runOnlyForDeploymentPostprocessing = 0;
		};
/* End PBXSourcesBuildPhase section */

/* Begin PBXTargetDependency section */
		646D8E3E2F467E520068ABBF /* PBXTargetDependency */ = {
			isa = PBXTargetDependency;
			target = 647D9FC02BA3ABF2005B6566 /* PouleParty */;
			targetProxy = 646D8E3D2F467E520068ABBF /* PBXContainerItemProxy */;
		};
/* End PBXTargetDependency section */

/* Begin XCBuildConfiguration section */
		646D8E3F2F467E520068ABBF /* Debug */ = {
			isa = XCBuildConfiguration;
			buildSettings = {
				BUNDLE_LOADER = "$(TEST_HOST)";
				CODE_SIGN_STYLE = Automatic;
				CURRENT_PROJECT_VERSION = 1;
				DEBUG_INFORMATION_FORMAT = dwarf;
				GENERATE_INFOPLIST_FILE = YES;
				IPHONEOS_DEPLOYMENT_TARGET = 17.0;
				MARKETING_VERSION = 1.0;
				PRODUCT_BUNDLE_IDENTIFIER = dev.rahier.PoulePartyTests;
				PRODUCT_NAME = "$(TARGET_NAME)";
				SDKROOT = iphoneos;
				STRING_CATALOG_GENERATE_SYMBOLS = NO;
				SWIFT_APPROACHABLE_CONCURRENCY = YES;
				SWIFT_EMIT_LOC_STRINGS = NO;
				SWIFT_UPCOMING_FEATURE_MEMBER_IMPORT_VISIBILITY = YES;
				SWIFT_VERSION = 5.0;
				TARGETED_DEVICE_FAMILY = "1,2";
				TEST_HOST = "$(BUILT_PRODUCTS_DIR)/PouleParty.app/$(BUNDLE_EXECUTABLE_FOLDER_PATH)/PouleParty";
			};
			name = Debug;
		};
		646D8E402F467E520068ABBF /* Release */ = {
			isa = XCBuildConfiguration;
			buildSettings = {
				BUNDLE_LOADER = "$(TEST_HOST)";
				CODE_SIGN_STYLE = Automatic;
				CURRENT_PROJECT_VERSION = 1;
				GENERATE_INFOPLIST_FILE = YES;
				IPHONEOS_DEPLOYMENT_TARGET = 17.0;
				MARKETING_VERSION = 1.0;
				PRODUCT_BUNDLE_IDENTIFIER = dev.rahier.PoulePartyTests;
				PRODUCT_NAME = "$(TARGET_NAME)";
				SDKROOT = iphoneos;
				STRING_CATALOG_GENERATE_SYMBOLS = NO;
				SWIFT_APPROACHABLE_CONCURRENCY = YES;
				SWIFT_EMIT_LOC_STRINGS = NO;
				SWIFT_UPCOMING_FEATURE_MEMBER_IMPORT_VISIBILITY = YES;
				SWIFT_VERSION = 5.0;
				TARGETED_DEVICE_FAMILY = "1,2";
				TEST_HOST = "$(BUILT_PRODUCTS_DIR)/PouleParty.app/$(BUNDLE_EXECUTABLE_FOLDER_PATH)/PouleParty";
				VALIDATE_PRODUCT = YES;
			};
			name = Release;
		};
		647D9FCE2BA3ABF3005B6566 /* Debug */ = {
			isa = XCBuildConfiguration;
			buildSettings = {
				ALWAYS_SEARCH_USER_PATHS = NO;
				ASSETCATALOG_COMPILER_GENERATE_SWIFT_ASSET_SYMBOL_EXTENSIONS = YES;
				CLANG_ANALYZER_LOCALIZABILITY_NONLOCALIZED = YES;
				CLANG_ANALYZER_NONNULL = YES;
				CLANG_ANALYZER_NUMBER_OBJECT_CONVERSION = YES_AGGRESSIVE;
				CLANG_CXX_LANGUAGE_STANDARD = "gnu++20";
				CLANG_ENABLE_MODULES = YES;
				CLANG_ENABLE_OBJC_ARC = YES;
				CLANG_ENABLE_OBJC_WEAK = YES;
				CLANG_WARN_BLOCK_CAPTURE_AUTORELEASING = YES;
				CLANG_WARN_BOOL_CONVERSION = YES;
				CLANG_WARN_COMMA = YES;
				CLANG_WARN_CONSTANT_CONVERSION = YES;
				CLANG_WARN_DEPRECATED_OBJC_IMPLEMENTATIONS = YES;
				CLANG_WARN_DIRECT_OBJC_ISA_USAGE = YES_ERROR;
				CLANG_WARN_DOCUMENTATION_COMMENTS = YES;
				CLANG_WARN_EMPTY_BODY = YES;
				CLANG_WARN_ENUM_CONVERSION = YES;
				CLANG_WARN_INFINITE_RECURSION = YES;
				CLANG_WARN_INT_CONVERSION = YES;
				CLANG_WARN_NON_LITERAL_NULL_CONVERSION = YES;
				CLANG_WARN_OBJC_IMPLICIT_RETAIN_SELF = YES;
				CLANG_WARN_OBJC_LITERAL_CONVERSION = YES;
				CLANG_WARN_OBJC_ROOT_CLASS = YES_ERROR;
				CLANG_WARN_QUOTED_INCLUDE_IN_FRAMEWORK_HEADER = YES;
				CLANG_WARN_RANGE_LOOP_ANALYSIS = YES;
				CLANG_WARN_STRICT_PROTOTYPES = YES;
				CLANG_WARN_SUSPICIOUS_MOVE = YES;
				CLANG_WARN_UNGUARDED_AVAILABILITY = YES_AGGRESSIVE;
				CLANG_WARN_UNREACHABLE_CODE = YES;
				CLANG_WARN__DUPLICATE_METHOD_MATCH = YES;
				COPY_PHASE_STRIP = NO;
				DEAD_CODE_STRIPPING = YES;
				DEBUG_INFORMATION_FORMAT = "dwarf-with-dsym";
				DEVELOPMENT_TEAM = YXXNH92P5F;
				ENABLE_STRICT_OBJC_MSGSEND = YES;
				ENABLE_TESTABILITY = YES;
				ENABLE_USER_SCRIPT_SANDBOXING = YES;
				GCC_C_LANGUAGE_STANDARD = gnu17;
				GCC_DYNAMIC_NO_PIC = NO;
				GCC_NO_COMMON_BLOCKS = YES;
				GCC_OPTIMIZATION_LEVEL = 0;
				GCC_PREPROCESSOR_DEFINITIONS = (
					"DEBUG=1",
					"$(inherited)",
				);
				GCC_WARN_64_TO_32_BIT_CONVERSION = YES;
				GCC_WARN_ABOUT_RETURN_TYPE = YES_ERROR;
				GCC_WARN_UNDECLARED_SELECTOR = YES;
				GCC_WARN_UNINITIALIZED_AUTOS = YES_AGGRESSIVE;
				GCC_WARN_UNUSED_FUNCTION = YES;
				GCC_WARN_UNUSED_VARIABLE = YES;
				IPHONEOS_DEPLOYMENT_TARGET = 16.0;
				LOCALIZATION_PREFERS_STRING_CATALOGS = YES;
				MTL_ENABLE_DEBUG_INFO = INCLUDE_SOURCE;
				MTL_FAST_MATH = YES;
				ONLY_ACTIVE_ARCH = YES;
				STRING_CATALOG_GENERATE_SYMBOLS = YES;
				SWIFT_ACTIVE_COMPILATION_CONDITIONS = "DEBUG $(inherited)";
				SWIFT_EMIT_LOC_STRINGS = YES;
				SWIFT_OPTIMIZATION_LEVEL = "-Onone";
			};
			name = Debug;
		};
		647D9FCF2BA3ABF3005B6566 /* Release */ = {
			isa = XCBuildConfiguration;
			buildSettings = {
				ALWAYS_SEARCH_USER_PATHS = NO;
				ASSETCATALOG_COMPILER_GENERATE_SWIFT_ASSET_SYMBOL_EXTENSIONS = YES;
				CLANG_ANALYZER_LOCALIZABILITY_NONLOCALIZED = YES;
				CLANG_ANALYZER_NONNULL = YES;
				CLANG_ANALYZER_NUMBER_OBJECT_CONVERSION = YES_AGGRESSIVE;
				CLANG_CXX_LANGUAGE_STANDARD = "gnu++20";
				CLANG_ENABLE_MODULES = YES;
				CLANG_ENABLE_OBJC_ARC = YES;
				CLANG_ENABLE_OBJC_WEAK = YES;
				CLANG_WARN_BLOCK_CAPTURE_AUTORELEASING = YES;
				CLANG_WARN_BOOL_CONVERSION = YES;
				CLANG_WARN_COMMA = YES;
				CLANG_WARN_CONSTANT_CONVERSION = YES;
				CLANG_WARN_DEPRECATED_OBJC_IMPLEMENTATIONS = YES;
				CLANG_WARN_DIRECT_OBJC_ISA_USAGE = YES_ERROR;
				CLANG_WARN_DOCUMENTATION_COMMENTS = YES;
				CLANG_WARN_EMPTY_BODY = YES;
				CLANG_WARN_ENUM_CONVERSION = YES;
				CLANG_WARN_INFINITE_RECURSION = YES;
				CLANG_WARN_INT_CONVERSION = YES;
				CLANG_WARN_NON_LITERAL_NULL_CONVERSION = YES;
				CLANG_WARN_OBJC_IMPLICIT_RETAIN_SELF = YES;
				CLANG_WARN_OBJC_LITERAL_CONVERSION = YES;
				CLANG_WARN_OBJC_ROOT_CLASS = YES_ERROR;
				CLANG_WARN_QUOTED_INCLUDE_IN_FRAMEWORK_HEADER = YES;
				CLANG_WARN_RANGE_LOOP_ANALYSIS = YES;
				CLANG_WARN_STRICT_PROTOTYPES = YES;
				CLANG_WARN_SUSPICIOUS_MOVE = YES;
				CLANG_WARN_UNGUARDED_AVAILABILITY = YES_AGGRESSIVE;
				CLANG_WARN_UNREACHABLE_CODE = YES;
				CLANG_WARN__DUPLICATE_METHOD_MATCH = YES;
				COPY_PHASE_STRIP = NO;
				DEAD_CODE_STRIPPING = YES;
				DEBUG_INFORMATION_FORMAT = "dwarf-with-dsym";
				DEVELOPMENT_TEAM = YXXNH92P5F;
				ENABLE_NS_ASSERTIONS = NO;
				ENABLE_STRICT_OBJC_MSGSEND = YES;
				ENABLE_USER_SCRIPT_SANDBOXING = YES;
				GCC_C_LANGUAGE_STANDARD = gnu17;
				GCC_NO_COMMON_BLOCKS = YES;
				GCC_WARN_64_TO_32_BIT_CONVERSION = YES;
				GCC_WARN_ABOUT_RETURN_TYPE = YES_ERROR;
				GCC_WARN_UNDECLARED_SELECTOR = YES;
				GCC_WARN_UNINITIALIZED_AUTOS = YES_AGGRESSIVE;
				GCC_WARN_UNUSED_FUNCTION = YES;
				GCC_WARN_UNUSED_VARIABLE = YES;
				IPHONEOS_DEPLOYMENT_TARGET = 16.0;
				LOCALIZATION_PREFERS_STRING_CATALOGS = YES;
				MTL_ENABLE_DEBUG_INFO = NO;
				MTL_FAST_MATH = YES;
				STRING_CATALOG_GENERATE_SYMBOLS = YES;
				SWIFT_COMPILATION_MODE = wholemodule;
				SWIFT_EMIT_LOC_STRINGS = YES;
			};
			name = Release;
		};
		647D9FD12BA3ABF3005B6566 /* Debug */ = {
			isa = XCBuildConfiguration;
			buildSettings = {
				ASSETCATALOG_COMPILER_APPICON_NAME = AppIcon;
				ASSETCATALOG_COMPILER_GLOBAL_ACCENT_COLOR_NAME = AccentColor;
				ASSETCATALOG_COMPILER_INCLUDE_ALL_APPICON_ASSETS = YES;
				CODE_SIGN_ENTITLEMENTS = PouleParty/PouleParty.entitlements;
				CODE_SIGN_STYLE = Automatic;
				CURRENT_PROJECT_VERSION = 1;
				DEAD_CODE_STRIPPING = YES;
				DEVELOPMENT_ASSET_PATHS = "\"PouleParty/Preview Content\"";
				ENABLE_APP_SANDBOX = YES;
				ENABLE_HARDENED_RUNTIME = YES;
				ENABLE_PREVIEWS = YES;
				ENABLE_TESTING_SEARCH_PATHS = YES;
				ENABLE_USER_SCRIPT_SANDBOXING = YES;
				ENABLE_USER_SELECTED_FILES = readonly;
				GENERATE_INFOPLIST_FILE = YES;
				INFOPLIST_FILE = PouleParty/Info.plist;
				INFOPLIST_KEY_CFBundleDisplayName = "Poule Party";
				INFOPLIST_KEY_LSApplicationCategoryType = "public.app-category.games";
				INFOPLIST_KEY_NSLocationAlwaysAndWhenInUseUsageDescription = "This app need your location to provide best feature based on location";
				INFOPLIST_KEY_NSLocationAlwaysUsageDescription = "Need location";
				INFOPLIST_KEY_NSLocationUsageDescription = "Need location";
				INFOPLIST_KEY_NSLocationWhenInUseUsageDescription = "This app need your location to provide best feature based on location";
				INFOPLIST_KEY_UIApplicationSceneManifest_Generation = YES;
				"INFOPLIST_KEY_UIApplicationSceneManifest_Generation[sdk=iphoneos*]" = YES;
				"INFOPLIST_KEY_UIApplicationSceneManifest_Generation[sdk=iphonesimulator*]" = YES;
				INFOPLIST_KEY_UIApplicationSupportsIndirectInputEvents = YES;
				"INFOPLIST_KEY_UIApplicationSupportsIndirectInputEvents[sdk=iphoneos*]" = YES;
				"INFOPLIST_KEY_UIApplicationSupportsIndirectInputEvents[sdk=iphonesimulator*]" = YES;
				INFOPLIST_KEY_UILaunchScreen_Generation = YES;
				"INFOPLIST_KEY_UILaunchScreen_Generation[sdk=iphoneos*]" = YES;
				"INFOPLIST_KEY_UILaunchScreen_Generation[sdk=iphonesimulator*]" = YES;
				INFOPLIST_KEY_UILaunchStoryboardName = "Launch Screen.storyboard";
				INFOPLIST_KEY_UIStatusBarStyle = UIStatusBarStyleDefault;
				"INFOPLIST_KEY_UIStatusBarStyle[sdk=iphoneos*]" = UIStatusBarStyleDefault;
				"INFOPLIST_KEY_UIStatusBarStyle[sdk=iphonesimulator*]" = UIStatusBarStyleDefault;
				INFOPLIST_KEY_UISupportedInterfaceOrientations = UIInterfaceOrientationPortrait;
				INFOPLIST_KEY_UISupportedInterfaceOrientations_iPad = "UIInterfaceOrientationLandscapeLeft UIInterfaceOrientationLandscapeRight UIInterfaceOrientationPortrait UIInterfaceOrientationPortraitUpsideDown";
				IPHONEOS_DEPLOYMENT_TARGET = 17.0;
				LD_RUNPATH_SEARCH_PATHS = "@executable_path/Frameworks";
				"LD_RUNPATH_SEARCH_PATHS[sdk=macosx*]" = "@executable_path/../Frameworks";
				MACOSX_DEPLOYMENT_TARGET = 14.4;
				MARKETING_VERSION = 1.0;
				PRODUCT_BUNDLE_IDENTIFIER = dev.rahier.pouleparty;
				PRODUCT_NAME = "$(TARGET_NAME)";
				SDKROOT = iphoneos;
				SUPPORTED_PLATFORMS = "iphoneos iphonesimulator";
				SUPPORTS_MACCATALYST = NO;
				SWIFT_EMIT_LOC_STRINGS = YES;
				SWIFT_VERSION = 5.0;
				TARGETED_DEVICE_FAMILY = 1;
			};
			name = Debug;
		};
		647D9FD22BA3ABF3005B6566 /* Release */ = {
			isa = XCBuildConfiguration;
			buildSettings = {
				ASSETCATALOG_COMPILER_APPICON_NAME = AppIcon;
				ASSETCATALOG_COMPILER_GLOBAL_ACCENT_COLOR_NAME = AccentColor;
				ASSETCATALOG_COMPILER_INCLUDE_ALL_APPICON_ASSETS = YES;
				CODE_SIGN_ENTITLEMENTS = PouleParty/PouleParty.entitlements;
				CODE_SIGN_STYLE = Automatic;
				CURRENT_PROJECT_VERSION = 1;
				DEAD_CODE_STRIPPING = YES;
				DEVELOPMENT_ASSET_PATHS = "\"PouleParty/Preview Content\"";
				ENABLE_APP_SANDBOX = YES;
				ENABLE_HARDENED_RUNTIME = YES;
				ENABLE_PREVIEWS = YES;
				ENABLE_TESTING_SEARCH_PATHS = YES;
				ENABLE_USER_SCRIPT_SANDBOXING = YES;
				ENABLE_USER_SELECTED_FILES = readonly;
				GENERATE_INFOPLIST_FILE = YES;
				INFOPLIST_FILE = PouleParty/Info.plist;
				INFOPLIST_KEY_CFBundleDisplayName = "Poule Party";
				INFOPLIST_KEY_LSApplicationCategoryType = "public.app-category.games";
				INFOPLIST_KEY_NSLocationAlwaysAndWhenInUseUsageDescription = "This app need your location to provide best feature based on location";
				INFOPLIST_KEY_NSLocationAlwaysUsageDescription = "Need location";
				INFOPLIST_KEY_NSLocationUsageDescription = "Need location";
				INFOPLIST_KEY_NSLocationWhenInUseUsageDescription = "This app need your location to provide best feature based on location";
				INFOPLIST_KEY_UIApplicationSceneManifest_Generation = YES;
				"INFOPLIST_KEY_UIApplicationSceneManifest_Generation[sdk=iphoneos*]" = YES;
				"INFOPLIST_KEY_UIApplicationSceneManifest_Generation[sdk=iphonesimulator*]" = YES;
				INFOPLIST_KEY_UIApplicationSupportsIndirectInputEvents = YES;
				"INFOPLIST_KEY_UIApplicationSupportsIndirectInputEvents[sdk=iphoneos*]" = YES;
				"INFOPLIST_KEY_UIApplicationSupportsIndirectInputEvents[sdk=iphonesimulator*]" = YES;
				INFOPLIST_KEY_UILaunchScreen_Generation = YES;
				"INFOPLIST_KEY_UILaunchScreen_Generation[sdk=iphoneos*]" = YES;
				"INFOPLIST_KEY_UILaunchScreen_Generation[sdk=iphonesimulator*]" = YES;
				INFOPLIST_KEY_UILaunchStoryboardName = "Launch Screen.storyboard";
				INFOPLIST_KEY_UIStatusBarStyle = UIStatusBarStyleDefault;
				"INFOPLIST_KEY_UIStatusBarStyle[sdk=iphoneos*]" = UIStatusBarStyleDefault;
				"INFOPLIST_KEY_UIStatusBarStyle[sdk=iphonesimulator*]" = UIStatusBarStyleDefault;
				INFOPLIST_KEY_UISupportedInterfaceOrientations = UIInterfaceOrientationPortrait;
				INFOPLIST_KEY_UISupportedInterfaceOrientations_iPad = "UIInterfaceOrientationLandscapeLeft UIInterfaceOrientationLandscapeRight UIInterfaceOrientationPortrait UIInterfaceOrientationPortraitUpsideDown";
				IPHONEOS_DEPLOYMENT_TARGET = 17.0;
				LD_RUNPATH_SEARCH_PATHS = "@executable_path/Frameworks";
				"LD_RUNPATH_SEARCH_PATHS[sdk=macosx*]" = "@executable_path/../Frameworks";
				MACOSX_DEPLOYMENT_TARGET = 14.4;
				MARKETING_VERSION = 1.0;
				PRODUCT_BUNDLE_IDENTIFIER = dev.rahier.pouleparty;
				PRODUCT_NAME = "$(TARGET_NAME)";
				SDKROOT = iphoneos;
				SUPPORTED_PLATFORMS = "iphoneos iphonesimulator";
				SUPPORTS_MACCATALYST = NO;
				SWIFT_EMIT_LOC_STRINGS = YES;
				SWIFT_VERSION = 5.0;
				TARGETED_DEVICE_FAMILY = 1;
			};
			name = Release;
		};
/* End XCBuildConfiguration section */

/* Begin XCConfigurationList section */
		646D8E412F467E520068ABBF /* Build configuration list for PBXNativeTarget "PoulePartyTests" */ = {
			isa = XCConfigurationList;
			buildConfigurations = (
				646D8E3F2F467E520068ABBF /* Debug */,
				646D8E402F467E520068ABBF /* Release */,
			);
			defaultConfigurationIsVisible = 0;
			defaultConfigurationName = Release;
		};
		647D9FBC2BA3ABF2005B6566 /* Build configuration list for PBXProject "PouleParty" */ = {
			isa = XCConfigurationList;
			buildConfigurations = (
				647D9FCE2BA3ABF3005B6566 /* Debug */,
				647D9FCF2BA3ABF3005B6566 /* Release */,
			);
			defaultConfigurationIsVisible = 0;
			defaultConfigurationName = Release;
		};
		647D9FD02BA3ABF3005B6566 /* Build configuration list for PBXNativeTarget "PouleParty" */ = {
			isa = XCConfigurationList;
			buildConfigurations = (
				647D9FD12BA3ABF3005B6566 /* Debug */,
				647D9FD22BA3ABF3005B6566 /* Release */,
			);
			defaultConfigurationIsVisible = 0;
			defaultConfigurationName = Release;
		};
/* End XCConfigurationList section */

/* Begin XCRemoteSwiftPackageReference section */
		6464E51A2BA5C3ED0039C387 /* XCRemoteSwiftPackageReference "firebase-ios-sdk" */ = {
			isa = XCRemoteSwiftPackageReference;
			repositoryURL = "https://github.com/firebase/firebase-ios-sdk";
			requirement = {
				kind = upToNextMajorVersion;
				minimumVersion = 12.9.0;
			};
		};
		648F563E2CF3DC4900B1BC28 /* XCRemoteSwiftPackageReference "swift-composable-architecture" */ = {
			isa = XCRemoteSwiftPackageReference;
			repositoryURL = "https://github.com/pointfreeco/swift-composable-architecture.git";
			requirement = {
				kind = upToNextMajorVersion;
				minimumVersion = 1.23.1;
			};
		};
/* End XCRemoteSwiftPackageReference section */

/* Begin XCSwiftPackageProductDependency section */
		6464E51B2BA5C3ED0039C387 /* FirebaseAnalytics */ = {
			isa = XCSwiftPackageProductDependency;
			package = 6464E51A2BA5C3ED0039C387 /* XCRemoteSwiftPackageReference "firebase-ios-sdk" */;
			productName = FirebaseAnalytics;
		};
		6464E51F2BA5C3ED0039C387 /* FirebaseAuth */ = {
			isa = XCSwiftPackageProductDependency;
			package = 6464E51A2BA5C3ED0039C387 /* XCRemoteSwiftPackageReference "firebase-ios-sdk" */;
			productName = FirebaseAuth;
		};
		6464E5212BA5C3ED0039C387 /* FirebaseCrashlytics */ = {
			isa = XCSwiftPackageProductDependency;
			package = 6464E51A2BA5C3ED0039C387 /* XCRemoteSwiftPackageReference "firebase-ios-sdk" */;
			productName = FirebaseCrashlytics;
		};
		6464E5232BA5C3ED0039C387 /* FirebaseFirestore */ = {
			isa = XCSwiftPackageProductDependency;
			package = 6464E51A2BA5C3ED0039C387 /* XCRemoteSwiftPackageReference "firebase-ios-sdk" */;
			productName = FirebaseFirestore;
		};
		6464E5252BA5C3ED0039C387 /* FirebaseFirestoreCombine-Community */ = {
			isa = XCSwiftPackageProductDependency;
			package = 6464E51A2BA5C3ED0039C387 /* XCRemoteSwiftPackageReference "firebase-ios-sdk" */;
			productName = "FirebaseFirestoreCombine-Community";
		};
		6464E5292BA5C3ED0039C387 /* FirebaseFunctions */ = {
			isa = XCSwiftPackageProductDependency;
			package = 6464E51A2BA5C3ED0039C387 /* XCRemoteSwiftPackageReference "firebase-ios-sdk" */;
			productName = FirebaseFunctions;
		};
		6464E52B2BA5C3ED0039C387 /* FirebaseFunctionsCombine-Community */ = {
			isa = XCSwiftPackageProductDependency;
			package = 6464E51A2BA5C3ED0039C387 /* XCRemoteSwiftPackageReference "firebase-ios-sdk" */;
			productName = "FirebaseFunctionsCombine-Community";
		};
		6464E52D2BA5C3ED0039C387 /* FirebaseInAppMessaging-Beta */ = {
			isa = XCSwiftPackageProductDependency;
			package = 6464E51A2BA5C3ED0039C387 /* XCRemoteSwiftPackageReference "firebase-ios-sdk" */;
			productName = "FirebaseInAppMessaging-Beta";
		};
		648F563F2CF3DC4900B1BC28 /* ComposableArchitecture */ = {
			isa = XCSwiftPackageProductDependency;
			package = 648F563E2CF3DC4900B1BC28 /* XCRemoteSwiftPackageReference "swift-composable-architecture" */;
			productName = ComposableArchitecture;
		};
		AA0000042F46800100000001 /* ComposableArchitecture */ = {
			isa = XCSwiftPackageProductDependency;
			package = 648F563E2CF3DC4900B1BC28 /* XCRemoteSwiftPackageReference "swift-composable-architecture" */;
			productName = ComposableArchitecture;
		};
		BB0000022F47000100000001 /* Sharing */ = {
			isa = XCSwiftPackageProductDependency;
			productName = Sharing;
		};
		BB0000042F47000100000001 /* Clocks */ = {
			isa = XCSwiftPackageProductDependency;
			productName = Clocks;
		};
		BB0000062F47000100000001 /* CasePathsCore */ = {
			isa = XCSwiftPackageProductDependency;
			productName = CasePathsCore;
		};
		BB0000082F47000100000001 /* Dependencies */ = {
			isa = XCSwiftPackageProductDependency;
			productName = Dependencies;
		};
		BB00000A2F47000100000001 /* SwiftNavigation */ = {
			isa = XCSwiftPackageProductDependency;
			productName = SwiftNavigation;
		};
		CC0000022F47100100000001 /* SwiftNavigation */ = {
			isa = XCSwiftPackageProductDependency;
			productName = SwiftNavigation;
		};
/* End XCSwiftPackageProductDependency section */
	};
	rootObject = 647D9FB92BA3ABF2005B6566 /* Project object */;
}
