// !$*UTF8*$!
{
	archiveVersion = 1;
	classes = {
	};
	objectVersion = 56;
	objects = {

/* Begin PBXBuildFile section */
		6400630F2BBDC7B100C6C08C /* SelectionButton.swift in Sources */ = {isa = PBXBuildFile; fileRef = 6400630E2BBDC7B100C6C08C /* SelectionButton.swift */; };
		6401DFCB2BC9BB3C00BA8967 /* Coordinate.swift in Sources */ = {isa = PBXBuildFile; fileRef = 6401DFCA2BC9BB3C00BA8967 /* Coordinate.swift */; };
		642E2D1B2BCC1C6400290B58 /* LocationClient.swift in Sources */ = {isa = PBXBuildFile; fileRef = 642E2D1A2BCC1C6400290B58 /* LocationClient.swift */; };
		643A59972BCA90BA002B53B6 /* GoogleService-Info.plist in Resources */ = {isa = PBXBuildFile; fileRef = 643A59962BCA90BA002B53B6 /* GoogleService-Info.plist */; };
		6463D7F92CEBFE500045D3D8 /* CustomAlertView.swift in Sources */ = {isa = PBXBuildFile; fileRef = 6463D7F82CEBFE4C0045D3D8 /* CustomAlertView.swift */; };
		6464E5092BA4A6AA0039C387 /* Selection.swift in Sources */ = {isa = PBXBuildFile; fileRef = 6464E5082BA4A6AA0039C387 /* Selection.swift */; };
		6464E50B2BA4A8280039C387 /* ChickenConfig.swift in Sources */ = {isa = PBXBuildFile; fileRef = 6464E50A2BA4A8280039C387 /* ChickenConfig.swift */; };
		6464E50F2BA4AA010039C387 /* App.swift in Sources */ = {isa = PBXBuildFile; fileRef = 6464E50E2BA4AA010039C387 /* App.swift */; };
		6464E5122BA4BAAC0039C387 /* CountdownView.swift in Sources */ = {isa = PBXBuildFile; fileRef = 6464E5112BA4BAAC0039C387 /* CountdownView.swift */; };
		6464E5152BA4BB770039C387 /* DateComponents+Utils.swift in Sources */ = {isa = PBXBuildFile; fileRef = 6464E5142BA4BB770039C387 /* DateComponents+Utils.swift */; };
		6464E5172BA4BBA40039C387 /* Date+Utils.swift in Sources */ = {isa = PBXBuildFile; fileRef = 6464E5162BA4BBA40039C387 /* Date+Utils.swift */; };
		6464E51C2BA5C3ED0039C387 /* FirebaseAnalytics in Frameworks */ = {isa = PBXBuildFile; productRef = 6464E51B2BA5C3ED0039C387 /* FirebaseAnalytics */; };
		6464E51E2BA5C3ED0039C387 /* FirebaseAnalyticsSwift in Frameworks */ = {isa = PBXBuildFile; productRef = 6464E51D2BA5C3ED0039C387 /* FirebaseAnalyticsSwift */; };
		6464E5202BA5C3ED0039C387 /* FirebaseAuth in Frameworks */ = {isa = PBXBuildFile; productRef = 6464E51F2BA5C3ED0039C387 /* FirebaseAuth */; };
		6464E5222BA5C3ED0039C387 /* FirebaseCrashlytics in Frameworks */ = {isa = PBXBuildFile; productRef = 6464E5212BA5C3ED0039C387 /* FirebaseCrashlytics */; };
		6464E5242BA5C3ED0039C387 /* FirebaseFirestore in Frameworks */ = {isa = PBXBuildFile; productRef = 6464E5232BA5C3ED0039C387 /* FirebaseFirestore */; };
		6464E5262BA5C3ED0039C387 /* FirebaseFirestoreCombine-Community in Frameworks */ = {isa = PBXBuildFile; productRef = 6464E5252BA5C3ED0039C387 /* FirebaseFirestoreCombine-Community */; };
		6464E5282BA5C3ED0039C387 /* FirebaseFirestoreSwift in Frameworks */ = {isa = PBXBuildFile; productRef = 6464E5272BA5C3ED0039C387 /* FirebaseFirestoreSwift */; };
		6464E52A2BA5C3ED0039C387 /* FirebaseFunctions in Frameworks */ = {isa = PBXBuildFile; productRef = 6464E5292BA5C3ED0039C387 /* FirebaseFunctions */; };
		6464E52C2BA5C3ED0039C387 /* FirebaseFunctionsCombine-Community in Frameworks */ = {isa = PBXBuildFile; productRef = 6464E52B2BA5C3ED0039C387 /* FirebaseFunctionsCombine-Community */; };
		6464E52E2BA5C3ED0039C387 /* FirebaseInAppMessaging-Beta in Frameworks */ = {isa = PBXBuildFile; productRef = 6464E52D2BA5C3ED0039C387 /* FirebaseInAppMessaging-Beta */; };
		6464E5322BA5DBAA0039C387 /* Game.swift in Sources */ = {isa = PBXBuildFile; fileRef = 6464E5312BA5DBAA0039C387 /* Game.swift */; };
		6464E5342BA5DE190039C387 /* GeoPoint+Utils.swift in Sources */ = {isa = PBXBuildFile; fileRef = 6464E5332BA5DE190039C387 /* GeoPoint+Utils.swift */; };
		6464E5362BA603F00039C387 /* ChickenLocation.swift in Sources */ = {isa = PBXBuildFile; fileRef = 6464E5352BA603F00039C387 /* ChickenLocation.swift */; };
		6464E5382BA6090B0039C387 /* Graveyard.swift in Sources */ = {isa = PBXBuildFile; fileRef = 6464E5372BA6090B0039C387 /* Graveyard.swift */; };
		6464E53A2BA61F9A0039C387 /* ChickenMap.swift in Sources */ = {isa = PBXBuildFile; fileRef = 6464E5392BA61F9A0039C387 /* ChickenMap.swift */; };
		6464E53D2BA744DD0039C387 /* ApiClient.swift in Sources */ = {isa = PBXBuildFile; fileRef = 6464E53C2BA744DD0039C387 /* ApiClient.swift */; };
		647D9FC52BA3ABF2005B6566 /* ChickenRushApp.swift in Sources */ = {isa = PBXBuildFile; fileRef = 647D9FC42BA3ABF2005B6566 /* ChickenRushApp.swift */; };
		647D9FC72BA3ABF2005B6566 /* HunterMap.swift in Sources */ = {isa = PBXBuildFile; fileRef = 647D9FC62BA3ABF2005B6566 /* HunterMap.swift */; };
		647D9FC92BA3ABF3005B6566 /* Assets.xcassets in Resources */ = {isa = PBXBuildFile; fileRef = 647D9FC82BA3ABF3005B6566 /* Assets.xcassets */; };
		647D9FCD2BA3ABF3005B6566 /* Preview Assets.xcassets in Resources */ = {isa = PBXBuildFile; fileRef = 647D9FCC2BA3ABF3005B6566 /* Preview Assets.xcassets */; };
		649BE2032BAE037A00520CE3 /* DrinkView.swift in Sources */ = {isa = PBXBuildFile; fileRef = 649BE2022BAE037A00520CE3 /* DrinkView.swift */; };
		649BE2052BAF19AF00520CE3 /* DrinksListView.swift in Sources */ = {isa = PBXBuildFile; fileRef = 649BE2042BAF19AF00520CE3 /* DrinksListView.swift */; };
		649BE2072BAF201600520CE3 /* Drink.swift in Sources */ = {isa = PBXBuildFile; fileRef = 649BE2062BAF201600520CE3 /* Drink.swift */; };
		649BE2092BAF43CC00520CE3 /* Image+Utils.swift in Sources */ = {isa = PBXBuildFile; fileRef = 649BE2082BAF43CC00520CE3 /* Image+Utils.swift */; };
		649F06802BA8A11F00DDE737 /* UUID+Utils.swift in Sources */ = {isa = PBXBuildFile; fileRef = 649F067F2BA8A11F00DDE737 /* UUID+Utils.swift */; };
		64AF0B002BA79BCB0081EA97 /* DrinksLottery.swift in Sources */ = {isa = PBXBuildFile; fileRef = 64AF0AFF2BA79BCB0081EA97 /* DrinksLottery.swift */; };
		64AF0B022BA7A0110081EA97 /* Color+Utils.swift in Sources */ = {isa = PBXBuildFile; fileRef = 64AF0B012BA7A0110081EA97 /* Color+Utils.swift */; };
		64B216F12BBEF382005E0DC7 /* Bangers-Regular.ttf in Resources */ = {isa = PBXBuildFile; fileRef = 64B216EE2BBEF382005E0DC7 /* Bangers-Regular.ttf */; };
		64B216F22BBEF382005E0DC7 /* OFL.txt in Resources */ = {isa = PBXBuildFile; fileRef = 64B216EF2BBEF382005E0DC7 /* OFL.txt */; };
		64B216F42BBEF41C005E0DC7 /* Font+Utils.swift in Sources */ = {isa = PBXBuildFile; fileRef = 64B216F32BBEF41C005E0DC7 /* Font+Utils.swift */; };
		64B216F92BBF0293005E0DC7 /* Launch Screen.storyboard in Resources */ = {isa = PBXBuildFile; fileRef = 64B216F82BBF0293005E0DC7 /* Launch Screen.storyboard */; };
		64B216FD2BBF162C005E0DC7 /* ChickenMapConfig.swift in Sources */ = {isa = PBXBuildFile; fileRef = 64B216FC2BBF162C005E0DC7 /* ChickenMapConfig.swift */; };
		64C21F0A2BA484CD003B25B3 /* ComposableArchitecture in Frameworks */ = {isa = PBXBuildFile; productRef = 64C21F092BA484CD003B25B3 /* ComposableArchitecture */; };
		64C21F0C2BA486E6003B25B3 /* LocationManager.swift in Sources */ = {isa = PBXBuildFile; fileRef = 64C21F0B2BA486E6003B25B3 /* LocationManager.swift */; };
		64C9CAE22CEBD6C70087BE13 /* Early GameBoy.ttf in Resources */ = {isa = PBXBuildFile; fileRef = 64C9CAE12CEBD6C70087BE13 /* Early GameBoy.ttf */; };
		64C9CAE42CEBEDE00087BE13 /* background-music.mp3 in Resources */ = {isa = PBXBuildFile; fileRef = 64C9CAE32CEBEDE00087BE13 /* background-music.mp3 */; };
		64F10C2A2BA9E04D001D83D8 /* EndGameCode.swift in Sources */ = {isa = PBXBuildFile; fileRef = 64F10C292BA9E04D001D83D8 /* EndGameCode.swift */; };
		64FDBE372BC0278E0073DC85 /* Onboarding.swift in Sources */ = {isa = PBXBuildFile; fileRef = 64FDBE362BC0278E0073DC85 /* Onboarding.swift */; };
/* End PBXBuildFile section */

/* Begin PBXFileReference section */
		6400630E2BBDC7B100C6C08C /* SelectionButton.swift */ = {isa = PBXFileReference; lastKnownFileType = sourcecode.swift; path = SelectionButton.swift; sourceTree = "<group>"; };
		6401DFCA2BC9BB3C00BA8967 /* Coordinate.swift */ = {isa = PBXFileReference; lastKnownFileType = sourcecode.swift; path = Coordinate.swift; sourceTree = "<group>"; };
		6405C2912BFC871B00A35A50 /* Bxl.gpx */ = {isa = PBXFileReference; lastKnownFileType = text.xml; path = Bxl.gpx; sourceTree = "<group>"; };
		642E2D1A2BCC1C6400290B58 /* LocationClient.swift */ = {isa = PBXFileReference; lastKnownFileType = sourcecode.swift; path = LocationClient.swift; sourceTree = "<group>"; };
		643A59942BC9C1E8002B53B6 /* Lasne.gpx */ = {isa = PBXFileReference; lastKnownFileType = text.xml; path = Lasne.gpx; sourceTree = "<group>"; };
		643A59952BC9C38B002B53B6 /* Namur.gpx */ = {isa = PBXFileReference; lastKnownFileType = text.xml; path = Namur.gpx; sourceTree = "<group>"; };
		643A59962BCA90BA002B53B6 /* GoogleService-Info.plist */ = {isa = PBXFileReference; fileEncoding = 4; lastKnownFileType = text.plist.xml; path = "GoogleService-Info.plist"; sourceTree = "<group>"; };
		64620C802BA3C81C006B329C /* Info.plist */ = {isa = PBXFileReference; lastKnownFileType = text.plist; path = Info.plist; sourceTree = "<group>"; };
		6463D7F82CEBFE4C0045D3D8 /* CustomAlertView.swift */ = {isa = PBXFileReference; lastKnownFileType = sourcecode.swift; path = CustomAlertView.swift; sourceTree = "<group>"; };
		6464E5082BA4A6AA0039C387 /* Selection.swift */ = {isa = PBXFileReference; lastKnownFileType = sourcecode.swift; path = Selection.swift; sourceTree = "<group>"; };
		6464E50A2BA4A8280039C387 /* ChickenConfig.swift */ = {isa = PBXFileReference; lastKnownFileType = sourcecode.swift; path = ChickenConfig.swift; sourceTree = "<group>"; };
		6464E50E2BA4AA010039C387 /* App.swift */ = {isa = PBXFileReference; lastKnownFileType = sourcecode.swift; path = App.swift; sourceTree = "<group>"; };
		6464E5112BA4BAAC0039C387 /* CountdownView.swift */ = {isa = PBXFileReference; lastKnownFileType = sourcecode.swift; path = CountdownView.swift; sourceTree = "<group>"; };
		6464E5142BA4BB770039C387 /* DateComponents+Utils.swift */ = {isa = PBXFileReference; lastKnownFileType = sourcecode.swift; path = "DateComponents+Utils.swift"; sourceTree = "<group>"; };
		6464E5162BA4BBA40039C387 /* Date+Utils.swift */ = {isa = PBXFileReference; lastKnownFileType = sourcecode.swift; path = "Date+Utils.swift"; sourceTree = "<group>"; };
		6464E5312BA5DBAA0039C387 /* Game.swift */ = {isa = PBXFileReference; lastKnownFileType = sourcecode.swift; path = Game.swift; sourceTree = "<group>"; };
		6464E5332BA5DE190039C387 /* GeoPoint+Utils.swift */ = {isa = PBXFileReference; lastKnownFileType = sourcecode.swift; path = "GeoPoint+Utils.swift"; sourceTree = "<group>"; };
		6464E5352BA603F00039C387 /* ChickenLocation.swift */ = {isa = PBXFileReference; lastKnownFileType = sourcecode.swift; path = ChickenLocation.swift; sourceTree = "<group>"; };
		6464E5372BA6090B0039C387 /* Graveyard.swift */ = {isa = PBXFileReference; lastKnownFileType = sourcecode.swift; name = Graveyard.swift; path = ../../../Documents/Graveyard.swift; sourceTree = "<group>"; };
		6464E5392BA61F9A0039C387 /* ChickenMap.swift */ = {isa = PBXFileReference; lastKnownFileType = sourcecode.swift; path = ChickenMap.swift; sourceTree = "<group>"; };
		6464E53C2BA744DD0039C387 /* ApiClient.swift */ = {isa = PBXFileReference; lastKnownFileType = sourcecode.swift; path = ApiClient.swift; sourceTree = "<group>"; };
		647D9FC12BA3ABF2005B6566 /* ChickenRush.app */ = {isa = PBXFileReference; explicitFileType = wrapper.application; includeInIndex = 0; path = ChickenRush.app; sourceTree = BUILT_PRODUCTS_DIR; };
		647D9FC42BA3ABF2005B6566 /* ChickenRushApp.swift */ = {isa = PBXFileReference; lastKnownFileType = sourcecode.swift; path = ChickenRushApp.swift; sourceTree = "<group>"; };
		647D9FC62BA3ABF2005B6566 /* HunterMap.swift */ = {isa = PBXFileReference; lastKnownFileType = sourcecode.swift; path = HunterMap.swift; sourceTree = "<group>"; };
		647D9FC82BA3ABF3005B6566 /* Assets.xcassets */ = {isa = PBXFileReference; lastKnownFileType = folder.assetcatalog; path = Assets.xcassets; sourceTree = "<group>"; };
		647D9FCA2BA3ABF3005B6566 /* ChickenRush.entitlements */ = {isa = PBXFileReference; lastKnownFileType = text.plist.entitlements; path = ChickenRush.entitlements; sourceTree = "<group>"; };
		647D9FCC2BA3ABF3005B6566 /* Preview Assets.xcassets */ = {isa = PBXFileReference; lastKnownFileType = folder.assetcatalog; path = "Preview Assets.xcassets"; sourceTree = "<group>"; };
		649BE2022BAE037A00520CE3 /* DrinkView.swift */ = {isa = PBXFileReference; lastKnownFileType = sourcecode.swift; path = DrinkView.swift; sourceTree = "<group>"; };
		649BE2042BAF19AF00520CE3 /* DrinksListView.swift */ = {isa = PBXFileReference; lastKnownFileType = sourcecode.swift; path = DrinksListView.swift; sourceTree = "<group>"; };
		649BE2062BAF201600520CE3 /* Drink.swift */ = {isa = PBXFileReference; lastKnownFileType = sourcecode.swift; path = Drink.swift; sourceTree = "<group>"; };
		649BE2082BAF43CC00520CE3 /* Image+Utils.swift */ = {isa = PBXFileReference; lastKnownFileType = sourcecode.swift; path = "Image+Utils.swift"; sourceTree = "<group>"; };
		649F067F2BA8A11F00DDE737 /* UUID+Utils.swift */ = {isa = PBXFileReference; lastKnownFileType = sourcecode.swift; path = "UUID+Utils.swift"; sourceTree = "<group>"; };
		64AF0AFF2BA79BCB0081EA97 /* DrinksLottery.swift */ = {isa = PBXFileReference; lastKnownFileType = sourcecode.swift; path = DrinksLottery.swift; sourceTree = "<group>"; };
		64AF0B012BA7A0110081EA97 /* Color+Utils.swift */ = {isa = PBXFileReference; lastKnownFileType = sourcecode.swift; path = "Color+Utils.swift"; sourceTree = "<group>"; };
		64B216EE2BBEF382005E0DC7 /* Bangers-Regular.ttf */ = {isa = PBXFileReference; lastKnownFileType = file; path = "Bangers-Regular.ttf"; sourceTree = "<group>"; };
		64B216EF2BBEF382005E0DC7 /* OFL.txt */ = {isa = PBXFileReference; fileEncoding = 4; lastKnownFileType = text; path = OFL.txt; sourceTree = "<group>"; };
		64B216F32BBEF41C005E0DC7 /* Font+Utils.swift */ = {isa = PBXFileReference; lastKnownFileType = sourcecode.swift; path = "Font+Utils.swift"; sourceTree = "<group>"; };
		64B216F82BBF0293005E0DC7 /* Launch Screen.storyboard */ = {isa = PBXFileReference; lastKnownFileType = file.storyboard; path = "Launch Screen.storyboard"; sourceTree = "<group>"; };
		64B216FC2BBF162C005E0DC7 /* ChickenMapConfig.swift */ = {isa = PBXFileReference; lastKnownFileType = sourcecode.swift; path = ChickenMapConfig.swift; sourceTree = "<group>"; };
		64C21F0B2BA486E6003B25B3 /* LocationManager.swift */ = {isa = PBXFileReference; lastKnownFileType = sourcecode.swift; path = LocationManager.swift; sourceTree = "<group>"; };
		64C9CAE12CEBD6C70087BE13 /* Early GameBoy.ttf */ = {isa = PBXFileReference; lastKnownFileType = file; path = "Early GameBoy.ttf"; sourceTree = "<group>"; };
		64C9CAE32CEBEDE00087BE13 /* background-music.mp3 */ = {isa = PBXFileReference; lastKnownFileType = audio.mp3; path = "background-music.mp3"; sourceTree = "<group>"; };
		64F10C292BA9E04D001D83D8 /* EndGameCode.swift */ = {isa = PBXFileReference; lastKnownFileType = sourcecode.swift; path = EndGameCode.swift; sourceTree = "<group>"; };
		64FDBE362BC0278E0073DC85 /* Onboarding.swift */ = {isa = PBXFileReference; lastKnownFileType = sourcecode.swift; path = Onboarding.swift; sourceTree = "<group>"; };
		64FDBE382BC32AD60073DC85 /* La Rochelle.gpx */ = {isa = PBXFileReference; lastKnownFileType = text.xml; path = "La Rochelle.gpx"; sourceTree = "<group>"; };
/* End PBXFileReference section */

/* Begin PBXFrameworksBuildPhase section */
		647D9FBE2BA3ABF2005B6566 /* Frameworks */ = {
			isa = PBXFrameworksBuildPhase;
			buildActionMask = 2147483647;
			files = (
				6464E51E2BA5C3ED0039C387 /* FirebaseAnalyticsSwift in Frameworks */,
				6464E51C2BA5C3ED0039C387 /* FirebaseAnalytics in Frameworks */,
				6464E5222BA5C3ED0039C387 /* FirebaseCrashlytics in Frameworks */,
				6464E52C2BA5C3ED0039C387 /* FirebaseFunctionsCombine-Community in Frameworks */,
				6464E52A2BA5C3ED0039C387 /* FirebaseFunctions in Frameworks */,
				64C21F0A2BA484CD003B25B3 /* ComposableArchitecture in Frameworks */,
				6464E52E2BA5C3ED0039C387 /* FirebaseInAppMessaging-Beta in Frameworks */,
				6464E5202BA5C3ED0039C387 /* FirebaseAuth in Frameworks */,
				6464E5242BA5C3ED0039C387 /* FirebaseFirestore in Frameworks */,
				6464E5262BA5C3ED0039C387 /* FirebaseFirestoreCombine-Community in Frameworks */,
				6464E5282BA5C3ED0039C387 /* FirebaseFirestoreSwift in Frameworks */,
			);
			runOnlyForDeploymentPostprocessing = 0;
		};
/* End PBXFrameworksBuildPhase section */

/* Begin PBXGroup section */
		6464E5072BA4A65A0039C387 /* Screens */ = {
			isa = PBXGroup;
			children = (
				6464E50A2BA4A8280039C387 /* ChickenConfig.swift */,
				6464E5392BA61F9A0039C387 /* ChickenMap.swift */,
				64B216FC2BBF162C005E0DC7 /* ChickenMapConfig.swift */,
				64AF0AFF2BA79BCB0081EA97 /* DrinksLottery.swift */,
				64F10C292BA9E04D001D83D8 /* EndGameCode.swift */,
				647D9FC62BA3ABF2005B6566 /* HunterMap.swift */,
				64FDBE362BC0278E0073DC85 /* Onboarding.swift */,
				6464E5082BA4A6AA0039C387 /* Selection.swift */,
			);
			name = Screens;
			sourceTree = "<group>";
		};
		6464E5102BA4BA9E0039C387 /* Views */ = {
			isa = PBXGroup;
			children = (
				6463D7F82CEBFE4C0045D3D8 /* CustomAlertView.swift */,
				6464E5112BA4BAAC0039C387 /* CountdownView.swift */,
				649BE2022BAE037A00520CE3 /* DrinkView.swift */,
				649BE2042BAF19AF00520CE3 /* DrinksListView.swift */,
				6400630E2BBDC7B100C6C08C /* SelectionButton.swift */,
			);
			name = Views;
			sourceTree = "<group>";
		};
		6464E5132BA4BB660039C387 /* Utils */ = {
			isa = PBXGroup;
			children = (
				64AF0B012BA7A0110081EA97 /* Color+Utils.swift */,
				6464E5162BA4BBA40039C387 /* Date+Utils.swift */,
				6464E5142BA4BB770039C387 /* DateComponents+Utils.swift */,
				64B216F32BBEF41C005E0DC7 /* Font+Utils.swift */,
				6464E5332BA5DE190039C387 /* GeoPoint+Utils.swift */,
				649BE2082BAF43CC00520CE3 /* Image+Utils.swift */,
				649F067F2BA8A11F00DDE737 /* UUID+Utils.swift */,
			);
			name = Utils;
			sourceTree = "<group>";
		};
		6464E5302BA5DBA10039C387 /* Models */ = {
			isa = PBXGroup;
			children = (
				6464E5312BA5DBAA0039C387 /* Game.swift */,
				6464E5352BA603F00039C387 /* ChickenLocation.swift */,
				649BE2062BAF201600520CE3 /* Drink.swift */,
				6401DFCA2BC9BB3C00BA8967 /* Coordinate.swift */,
			);
			name = Models;
			sourceTree = "<group>";
		};
		6464E53B2BA744CD0039C387 /* Dependencies */ = {
			isa = PBXGroup;
			children = (
				6464E53C2BA744DD0039C387 /* ApiClient.swift */,
				642E2D1A2BCC1C6400290B58 /* LocationClient.swift */,
			);
			name = Dependencies;
			sourceTree = "<group>";
		};
		647D9FB82BA3ABF2005B6566 = {
			isa = PBXGroup;
			children = (
				6405C2912BFC871B00A35A50 /* Bxl.gpx */,
				64FDBE382BC32AD60073DC85 /* La Rochelle.gpx */,
				643A59942BC9C1E8002B53B6 /* Lasne.gpx */,
				643A59952BC9C38B002B53B6 /* Namur.gpx */,
				647D9FC32BA3ABF2005B6566 /* ChickenRush */,
				647D9FC22BA3ABF2005B6566 /* Products */,
			);
			sourceTree = "<group>";
		};
		647D9FC22BA3ABF2005B6566 /* Products */ = {
			isa = PBXGroup;
			children = (
				647D9FC12BA3ABF2005B6566 /* ChickenRush.app */,
			);
			name = Products;
			sourceTree = "<group>";
		};
		647D9FC32BA3ABF2005B6566 /* ChickenRush */ = {
			isa = PBXGroup;
			children = (
				647D9FCA2BA3ABF3005B6566 /* ChickenRush.entitlements */,
				643A59962BCA90BA002B53B6 /* GoogleService-Info.plist */,
				64620C802BA3C81C006B329C /* Info.plist */,
				64C9CAE32CEBEDE00087BE13 /* background-music.mp3 */,
				6464E50E2BA4AA010039C387 /* App.swift */,
				647D9FC42BA3ABF2005B6566 /* ChickenRushApp.swift */,
				6464E5372BA6090B0039C387 /* Graveyard.swift */,
				64C21F0B2BA486E6003B25B3 /* LocationManager.swift */,
				647D9FC82BA3ABF3005B6566 /* Assets.xcassets */,
				6464E53B2BA744CD0039C387 /* Dependencies */,
				64B216ED2BBEF32F005E0DC7 /* Fonts */,
				6464E5302BA5DBA10039C387 /* Models */,
				647D9FCB2BA3ABF3005B6566 /* Preview Content */,
				6464E5072BA4A65A0039C387 /* Screens */,
				6464E5132BA4BB660039C387 /* Utils */,
				6464E5102BA4BA9E0039C387 /* Views */,
				64B216F82BBF0293005E0DC7 /* Launch Screen.storyboard */,
			);
			path = ChickenRush;
			sourceTree = "<group>";
		};
		647D9FCB2BA3ABF3005B6566 /* Preview Content */ = {
			isa = PBXGroup;
			children = (
				647D9FCC2BA3ABF3005B6566 /* Preview Assets.xcassets */,
			);
			path = "Preview Content";
			sourceTree = "<group>";
		};
		64B216ED2BBEF32F005E0DC7 /* Fonts */ = {
			isa = PBXGroup;
			children = (
				64B216F02BBEF382005E0DC7 /* Bangers */,
				64C9CAE12CEBD6C70087BE13 /* Early GameBoy.ttf */,
			);
			name = Fonts;
			sourceTree = "<group>";
		};
		64B216F02BBEF382005E0DC7 /* Bangers */ = {
			isa = PBXGroup;
			children = (
				64B216EE2BBEF382005E0DC7 /* Bangers-Regular.ttf */,
				64B216EF2BBEF382005E0DC7 /* OFL.txt */,
			);
			path = Bangers;
			sourceTree = "<group>";
		};
/* End PBXGroup section */

/* Begin PBXNativeTarget section */
		647D9FC02BA3ABF2005B6566 /* ChickenRush */ = {
			isa = PBXNativeTarget;
			buildConfigurationList = 647D9FD02BA3ABF3005B6566 /* Build configuration list for PBXNativeTarget "ChickenRush" */;
			buildPhases = (
				647D9FBD2BA3ABF2005B6566 /* Sources */,
				647D9FBE2BA3ABF2005B6566 /* Frameworks */,
				647D9FBF2BA3ABF2005B6566 /* Resources */,
				6464E52F2BA5C54D0039C387 /* Crashlytics */,
			);
			buildRules = (
			);
			dependencies = (
			);
			name = ChickenRush;
			packageProductDependencies = (
				64C21F092BA484CD003B25B3 /* ComposableArchitecture */,
				6464E51B2BA5C3ED0039C387 /* FirebaseAnalytics */,
				6464E51D2BA5C3ED0039C387 /* FirebaseAnalyticsSwift */,
				6464E51F2BA5C3ED0039C387 /* FirebaseAuth */,
				6464E5212BA5C3ED0039C387 /* FirebaseCrashlytics */,
				6464E5232BA5C3ED0039C387 /* FirebaseFirestore */,
				6464E5252BA5C3ED0039C387 /* FirebaseFirestoreCombine-Community */,
				6464E5272BA5C3ED0039C387 /* FirebaseFirestoreSwift */,
				6464E5292BA5C3ED0039C387 /* FirebaseFunctions */,
				6464E52B2BA5C3ED0039C387 /* FirebaseFunctionsCombine-Community */,
				6464E52D2BA5C3ED0039C387 /* FirebaseInAppMessaging-Beta */,
			);
			productName = ChickenRush;
			productReference = 647D9FC12BA3ABF2005B6566 /* ChickenRush.app */;
			productType = "com.apple.product-type.application";
		};
/* End PBXNativeTarget section */

/* Begin PBXProject section */
		647D9FB92BA3ABF2005B6566 /* Project object */ = {
			isa = PBXProject;
			attributes = {
				BuildIndependentTargetsInParallel = 1;
				LastSwiftUpdateCheck = 1530;
				LastUpgradeCheck = 1600;
				TargetAttributes = {
					647D9FC02BA3ABF2005B6566 = {
						CreatedOnToolsVersion = 15.3;
					};
				};
			};
			buildConfigurationList = 647D9FBC2BA3ABF2005B6566 /* Build configuration list for PBXProject "ChickenRush" */;
			compatibilityVersion = "Xcode 14.0";
			developmentRegion = en;
			hasScannedForEncodings = 0;
			knownRegions = (
				en,
				Base,
			);
			mainGroup = 647D9FB82BA3ABF2005B6566;
			packageReferences = (
				64C21F082BA484CD003B25B3 /* XCRemoteSwiftPackageReference "swift-composable-architecture" */,
				6464E51A2BA5C3ED0039C387 /* XCRemoteSwiftPackageReference "firebase-ios-sdk" */,
			);
			productRefGroup = 647D9FC22BA3ABF2005B6566 /* Products */;
			projectDirPath = "";
			projectRoot = "";
			targets = (
				647D9FC02BA3ABF2005B6566 /* ChickenRush */,
			);
		};
/* End PBXProject section */

/* Begin PBXResourcesBuildPhase section */
		647D9FBF2BA3ABF2005B6566 /* Resources */ = {
			isa = PBXResourcesBuildPhase;
			buildActionMask = 2147483647;
			files = (
				64B216F92BBF0293005E0DC7 /* Launch Screen.storyboard in Resources */,
				64C9CAE42CEBEDE00087BE13 /* background-music.mp3 in Resources */,
				643A59972BCA90BA002B53B6 /* GoogleService-Info.plist in Resources */,
				64C9CAE22CEBD6C70087BE13 /* Early GameBoy.ttf in Resources */,
				64B216F22BBEF382005E0DC7 /* OFL.txt in Resources */,
				64B216F12BBEF382005E0DC7 /* Bangers-Regular.ttf in Resources */,
				647D9FCD2BA3ABF3005B6566 /* Preview Assets.xcassets in Resources */,
				647D9FC92BA3ABF3005B6566 /* Assets.xcassets in Resources */,
			);
			runOnlyForDeploymentPostprocessing = 0;
		};
/* End PBXResourcesBuildPhase section */

/* Begin PBXShellScriptBuildPhase section */
		6464E52F2BA5C54D0039C387 /* Crashlytics */ = {
			isa = PBXShellScriptBuildPhase;
			alwaysOutOfDate = 1;
			buildActionMask = 2147483647;
			files = (
			);
			inputFileListPaths = (
			);
			inputPaths = (
				"${DWARF_DSYM_FOLDER_PATH}/${DWARF_DSYM_FILE_NAME}",
				"${DWARF_DSYM_FOLDER_PATH}/${DWARF_DSYM_FILE_NAME}/Contents/Resources/DWARF/${PRODUCT_NAME}",
				"${DWARF_DSYM_FOLDER_PATH}/${DWARF_DSYM_FILE_NAME}/Contents/Info.plist",
				"$(TARGET_BUILD_DIR)/$(UNLOCALIZED_RESOURCES_FOLDER_PATH)/GoogleService-Info.plist",
				"$(TARGET_BUILD_DIR)/$(EXECUTABLE_PATH)",
			);
			name = Crashlytics;
			outputFileListPaths = (
			);
			outputPaths = (
			);
			runOnlyForDeploymentPostprocessing = 0;
			shellPath = /bin/sh;
			shellScript = "# ⚠️ Have to be the last build phase, otherwise Crashlytics won't properly process dSYMs\n\n\"${BUILD_DIR%/Build/*}/SourcePackages/checkouts/firebase-ios-sdk/Crashlytics/run\"\n";
		};
/* End PBXShellScriptBuildPhase section */

/* Begin PBXSourcesBuildPhase section */
		647D9FBD2BA3ABF2005B6566 /* Sources */ = {
			isa = PBXSourcesBuildPhase;
			buildActionMask = 2147483647;
			files = (
				64AF0B002BA79BCB0081EA97 /* DrinksLottery.swift in Sources */,
				6464E5092BA4A6AA0039C387 /* Selection.swift in Sources */,
				6464E5382BA6090B0039C387 /* Graveyard.swift in Sources */,
				642E2D1B2BCC1C6400290B58 /* LocationClient.swift in Sources */,
				6464E5362BA603F00039C387 /* ChickenLocation.swift in Sources */,
				6464E53D2BA744DD0039C387 /* ApiClient.swift in Sources */,
				6464E53A2BA61F9A0039C387 /* ChickenMap.swift in Sources */,
				647D9FC72BA3ABF2005B6566 /* HunterMap.swift in Sources */,
				6464E5152BA4BB770039C387 /* DateComponents+Utils.swift in Sources */,
				6464E5122BA4BAAC0039C387 /* CountdownView.swift in Sources */,
				647D9FC52BA3ABF2005B6566 /* ChickenRushApp.swift in Sources */,
				6464E5172BA4BBA40039C387 /* Date+Utils.swift in Sources */,
				6464E5322BA5DBAA0039C387 /* Game.swift in Sources */,
				649BE2032BAE037A00520CE3 /* DrinkView.swift in Sources */,
				64F10C2A2BA9E04D001D83D8 /* EndGameCode.swift in Sources */,
				6464E5342BA5DE190039C387 /* GeoPoint+Utils.swift in Sources */,
				649F06802BA8A11F00DDE737 /* UUID+Utils.swift in Sources */,
				6464E50B2BA4A8280039C387 /* ChickenConfig.swift in Sources */,
				64C21F0C2BA486E6003B25B3 /* LocationManager.swift in Sources */,
				64B216F42BBEF41C005E0DC7 /* Font+Utils.swift in Sources */,
				649BE2072BAF201600520CE3 /* Drink.swift in Sources */,
				649BE2092BAF43CC00520CE3 /* Image+Utils.swift in Sources */,
				6401DFCB2BC9BB3C00BA8967 /* Coordinate.swift in Sources */,
				64FDBE372BC0278E0073DC85 /* Onboarding.swift in Sources */,
				6464E50F2BA4AA010039C387 /* App.swift in Sources */,
				6400630F2BBDC7B100C6C08C /* SelectionButton.swift in Sources */,
				649BE2052BAF19AF00520CE3 /* DrinksListView.swift in Sources */,
				64B216FD2BBF162C005E0DC7 /* ChickenMapConfig.swift in Sources */,
				6463D7F92CEBFE500045D3D8 /* CustomAlertView.swift in Sources */,
				64AF0B022BA7A0110081EA97 /* Color+Utils.swift in Sources */,
			);
			runOnlyForDeploymentPostprocessing = 0;
		};
/* End PBXSourcesBuildPhase section */

/* Begin XCBuildConfiguration section */
		647D9FCE2BA3ABF3005B6566 /* Debug */ = {
			isa = XCBuildConfiguration;
			buildSettings = {
				ALWAYS_SEARCH_USER_PATHS = NO;
				ASSETCATALOG_COMPILER_GENERATE_SWIFT_ASSET_SYMBOL_EXTENSIONS = YES;
				CLANG_ANALYZER_NONNULL = YES;
				CLANG_ANALYZER_NUMBER_OBJECT_CONVERSION = YES_AGGRESSIVE;
				CLANG_CXX_LANGUAGE_STANDARD = "gnu++20";
				CLANG_ENABLE_MODULES = YES;
				CLANG_ENABLE_OBJC_ARC = YES;
				CLANG_ENABLE_OBJC_WEAK = YES;
				CLANG_WARN_BLOCK_CAPTURE_AUTORELEASING = YES;
				CLANG_WARN_BOOL_CONVERSION = YES;
				CLANG_WARN_COMMA = YES;
				CLANG_WARN_CONSTANT_CONVERSION = YES;
				CLANG_WARN_DEPRECATED_OBJC_IMPLEMENTATIONS = YES;
				CLANG_WARN_DIRECT_OBJC_ISA_USAGE = YES_ERROR;
				CLANG_WARN_DOCUMENTATION_COMMENTS = YES;
				CLANG_WARN_EMPTY_BODY = YES;
				CLANG_WARN_ENUM_CONVERSION = YES;
				CLANG_WARN_INFINITE_RECURSION = YES;
				CLANG_WARN_INT_CONVERSION = YES;
				CLANG_WARN_NON_LITERAL_NULL_CONVERSION = YES;
				CLANG_WARN_OBJC_IMPLICIT_RETAIN_SELF = YES;
				CLANG_WARN_OBJC_LITERAL_CONVERSION = YES;
				CLANG_WARN_OBJC_ROOT_CLASS = YES_ERROR;
				CLANG_WARN_QUOTED_INCLUDE_IN_FRAMEWORK_HEADER = YES;
				CLANG_WARN_RANGE_LOOP_ANALYSIS = YES;
				CLANG_WARN_STRICT_PROTOTYPES = YES;
				CLANG_WARN_SUSPICIOUS_MOVE = YES;
				CLANG_WARN_UNGUARDED_AVAILABILITY = YES_AGGRESSIVE;
				CLANG_WARN_UNREACHABLE_CODE = YES;
				CLANG_WARN__DUPLICATE_METHOD_MATCH = YES;
				COPY_PHASE_STRIP = NO;
				DEAD_CODE_STRIPPING = YES;
				DEBUG_INFORMATION_FORMAT = "dwarf-with-dsym";
				ENABLE_STRICT_OBJC_MSGSEND = YES;
				ENABLE_TESTABILITY = YES;
				ENABLE_USER_SCRIPT_SANDBOXING = YES;
				GCC_C_LANGUAGE_STANDARD = gnu17;
				GCC_DYNAMIC_NO_PIC = NO;
				GCC_NO_COMMON_BLOCKS = YES;
				GCC_OPTIMIZATION_LEVEL = 0;
				GCC_PREPROCESSOR_DEFINITIONS = (
					"DEBUG=1",
					"$(inherited)",
				);
				GCC_WARN_64_TO_32_BIT_CONVERSION = YES;
				GCC_WARN_ABOUT_RETURN_TYPE = YES_ERROR;
				GCC_WARN_UNDECLARED_SELECTOR = YES;
				GCC_WARN_UNINITIALIZED_AUTOS = YES_AGGRESSIVE;
				GCC_WARN_UNUSED_FUNCTION = YES;
				GCC_WARN_UNUSED_VARIABLE = YES;
				IPHONEOS_DEPLOYMENT_TARGET = 16.0;
				LOCALIZATION_PREFERS_STRING_CATALOGS = YES;
				MTL_ENABLE_DEBUG_INFO = INCLUDE_SOURCE;
				MTL_FAST_MATH = YES;
				ONLY_ACTIVE_ARCH = YES;
				SWIFT_ACTIVE_COMPILATION_CONDITIONS = "DEBUG $(inherited)";
				SWIFT_OPTIMIZATION_LEVEL = "-Onone";
			};
			name = Debug;
		};
		647D9FCF2BA3ABF3005B6566 /* Release */ = {
			isa = XCBuildConfiguration;
			buildSettings = {
				ALWAYS_SEARCH_USER_PATHS = NO;
				ASSETCATALOG_COMPILER_GENERATE_SWIFT_ASSET_SYMBOL_EXTENSIONS = YES;
				CLANG_ANALYZER_NONNULL = YES;
				CLANG_ANALYZER_NUMBER_OBJECT_CONVERSION = YES_AGGRESSIVE;
				CLANG_CXX_LANGUAGE_STANDARD = "gnu++20";
				CLANG_ENABLE_MODULES = YES;
				CLANG_ENABLE_OBJC_ARC = YES;
				CLANG_ENABLE_OBJC_WEAK = YES;
				CLANG_WARN_BLOCK_CAPTURE_AUTORELEASING = YES;
				CLANG_WARN_BOOL_CONVERSION = YES;
				CLANG_WARN_COMMA = YES;
				CLANG_WARN_CONSTANT_CONVERSION = YES;
				CLANG_WARN_DEPRECATED_OBJC_IMPLEMENTATIONS = YES;
				CLANG_WARN_DIRECT_OBJC_ISA_USAGE = YES_ERROR;
				CLANG_WARN_DOCUMENTATION_COMMENTS = YES;
				CLANG_WARN_EMPTY_BODY = YES;
				CLANG_WARN_ENUM_CONVERSION = YES;
				CLANG_WARN_INFINITE_RECURSION = YES;
				CLANG_WARN_INT_CONVERSION = YES;
				CLANG_WARN_NON_LITERAL_NULL_CONVERSION = YES;
				CLANG_WARN_OBJC_IMPLICIT_RETAIN_SELF = YES;
				CLANG_WARN_OBJC_LITERAL_CONVERSION = YES;
				CLANG_WARN_OBJC_ROOT_CLASS = YES_ERROR;
				CLANG_WARN_QUOTED_INCLUDE_IN_FRAMEWORK_HEADER = YES;
				CLANG_WARN_RANGE_LOOP_ANALYSIS = YES;
				CLANG_WARN_STRICT_PROTOTYPES = YES;
				CLANG_WARN_SUSPICIOUS_MOVE = YES;
				CLANG_WARN_UNGUARDED_AVAILABILITY = YES_AGGRESSIVE;
				CLANG_WARN_UNREACHABLE_CODE = YES;
				CLANG_WARN__DUPLICATE_METHOD_MATCH = YES;
				COPY_PHASE_STRIP = NO;
				DEAD_CODE_STRIPPING = YES;
				DEBUG_INFORMATION_FORMAT = "dwarf-with-dsym";
				ENABLE_NS_ASSERTIONS = NO;
				ENABLE_STRICT_OBJC_MSGSEND = YES;
				ENABLE_USER_SCRIPT_SANDBOXING = YES;
				GCC_C_LANGUAGE_STANDARD = gnu17;
				GCC_NO_COMMON_BLOCKS = YES;
				GCC_WARN_64_TO_32_BIT_CONVERSION = YES;
				GCC_WARN_ABOUT_RETURN_TYPE = YES_ERROR;
				GCC_WARN_UNDECLARED_SELECTOR = YES;
				GCC_WARN_UNINITIALIZED_AUTOS = YES_AGGRESSIVE;
				GCC_WARN_UNUSED_FUNCTION = YES;
				GCC_WARN_UNUSED_VARIABLE = YES;
				IPHONEOS_DEPLOYMENT_TARGET = 16.0;
				LOCALIZATION_PREFERS_STRING_CATALOGS = YES;
				MTL_ENABLE_DEBUG_INFO = NO;
				MTL_FAST_MATH = YES;
				SWIFT_COMPILATION_MODE = wholemodule;
			};
			name = Release;
		};
		647D9FD12BA3ABF3005B6566 /* Debug */ = {
			isa = XCBuildConfiguration;
			buildSettings = {
				ASSETCATALOG_COMPILER_APPICON_NAME = AppIcon;
				ASSETCATALOG_COMPILER_GLOBAL_ACCENT_COLOR_NAME = AccentColor;
				ASSETCATALOG_COMPILER_INCLUDE_ALL_APPICON_ASSETS = YES;
				CODE_SIGN_ENTITLEMENTS = ChickenRush/ChickenRush.entitlements;
				CODE_SIGN_STYLE = Automatic;
				CURRENT_PROJECT_VERSION = 1;
				DEAD_CODE_STRIPPING = YES;
				DEVELOPMENT_ASSET_PATHS = "\"ChickenRush/Preview Content\"";
				DEVELOPMENT_TEAM = YXXNH92P5F;
				ENABLE_HARDENED_RUNTIME = YES;
				ENABLE_PREVIEWS = YES;
				GENERATE_INFOPLIST_FILE = YES;
				INFOPLIST_FILE = ChickenRush/Info.plist;
				INFOPLIST_KEY_CFBundleDisplayName = "Poule Party";
				INFOPLIST_KEY_NSLocationAlwaysAndWhenInUseUsageDescription = "Need location";
				INFOPLIST_KEY_NSLocationAlwaysUsageDescription = "Need location";
				INFOPLIST_KEY_NSLocationUsageDescription = "Need location";
				INFOPLIST_KEY_NSLocationWhenInUseUsageDescription = "Need location";
				"INFOPLIST_KEY_UIApplicationSceneManifest_Generation[sdk=iphoneos*]" = YES;
				"INFOPLIST_KEY_UIApplicationSceneManifest_Generation[sdk=iphonesimulator*]" = YES;
				"INFOPLIST_KEY_UIApplicationSupportsIndirectInputEvents[sdk=iphoneos*]" = YES;
				"INFOPLIST_KEY_UIApplicationSupportsIndirectInputEvents[sdk=iphonesimulator*]" = YES;
				"INFOPLIST_KEY_UILaunchScreen_Generation[sdk=iphoneos*]" = YES;
				"INFOPLIST_KEY_UILaunchScreen_Generation[sdk=iphonesimulator*]" = YES;
				INFOPLIST_KEY_UILaunchStoryboardName = "Launch Screen.storyboard";
				"INFOPLIST_KEY_UIStatusBarStyle[sdk=iphoneos*]" = UIStatusBarStyleDefault;
				"INFOPLIST_KEY_UIStatusBarStyle[sdk=iphonesimulator*]" = UIStatusBarStyleDefault;
				INFOPLIST_KEY_UISupportedInterfaceOrientations_iPad = "UIInterfaceOrientationPortrait UIInterfaceOrientationPortraitUpsideDown UIInterfaceOrientationLandscapeLeft UIInterfaceOrientationLandscapeRight";
				INFOPLIST_KEY_UISupportedInterfaceOrientations_iPhone = "UIInterfaceOrientationPortrait UIInterfaceOrientationLandscapeLeft UIInterfaceOrientationLandscapeRight";
				IPHONEOS_DEPLOYMENT_TARGET = 17.0;
				LD_RUNPATH_SEARCH_PATHS = "@executable_path/Frameworks";
				"LD_RUNPATH_SEARCH_PATHS[sdk=macosx*]" = "@executable_path/../Frameworks";
				MACOSX_DEPLOYMENT_TARGET = 14.4;
				MARKETING_VERSION = 1.0;
				PRODUCT_BUNDLE_IDENTIFIER = dev.rahier.chickenrush1;
				PRODUCT_NAME = "$(TARGET_NAME)";
				SDKROOT = auto;
				SUPPORTED_PLATFORMS = "iphoneos iphonesimulator";
				SUPPORTS_MACCATALYST = NO;
				SWIFT_EMIT_LOC_STRINGS = YES;
				SWIFT_VERSION = 5.0;
				TARGETED_DEVICE_FAMILY = 1;
			};
			name = Debug;
		};
		647D9FD22BA3ABF3005B6566 /* Release */ = {
			isa = XCBuildConfiguration;
			buildSettings = {
				ASSETCATALOG_COMPILER_APPICON_NAME = AppIcon;
				ASSETCATALOG_COMPILER_GLOBAL_ACCENT_COLOR_NAME = AccentColor;
				ASSETCATALOG_COMPILER_INCLUDE_ALL_APPICON_ASSETS = YES;
				CODE_SIGN_ENTITLEMENTS = ChickenRush/ChickenRush.entitlements;
				CODE_SIGN_STYLE = Automatic;
				CURRENT_PROJECT_VERSION = 1;
				DEAD_CODE_STRIPPING = YES;
				DEVELOPMENT_ASSET_PATHS = "\"ChickenRush/Preview Content\"";
				DEVELOPMENT_TEAM = YXXNH92P5F;
				ENABLE_HARDENED_RUNTIME = YES;
				ENABLE_PREVIEWS = YES;
				GENERATE_INFOPLIST_FILE = YES;
				INFOPLIST_FILE = ChickenRush/Info.plist;
				INFOPLIST_KEY_CFBundleDisplayName = "Poule Party";
				INFOPLIST_KEY_NSLocationAlwaysAndWhenInUseUsageDescription = "Need location";
				INFOPLIST_KEY_NSLocationAlwaysUsageDescription = "Need location";
				INFOPLIST_KEY_NSLocationUsageDescription = "Need location";
				INFOPLIST_KEY_NSLocationWhenInUseUsageDescription = "Need location";
				"INFOPLIST_KEY_UIApplicationSceneManifest_Generation[sdk=iphoneos*]" = YES;
				"INFOPLIST_KEY_UIApplicationSceneManifest_Generation[sdk=iphonesimulator*]" = YES;
				"INFOPLIST_KEY_UIApplicationSupportsIndirectInputEvents[sdk=iphoneos*]" = YES;
				"INFOPLIST_KEY_UIApplicationSupportsIndirectInputEvents[sdk=iphonesimulator*]" = YES;
				"INFOPLIST_KEY_UILaunchScreen_Generation[sdk=iphoneos*]" = YES;
				"INFOPLIST_KEY_UILaunchScreen_Generation[sdk=iphonesimulator*]" = YES;
				INFOPLIST_KEY_UILaunchStoryboardName = "Launch Screen.storyboard";
				"INFOPLIST_KEY_UIStatusBarStyle[sdk=iphoneos*]" = UIStatusBarStyleDefault;
				"INFOPLIST_KEY_UIStatusBarStyle[sdk=iphonesimulator*]" = UIStatusBarStyleDefault;
				INFOPLIST_KEY_UISupportedInterfaceOrientations_iPad = "UIInterfaceOrientationPortrait UIInterfaceOrientationPortraitUpsideDown UIInterfaceOrientationLandscapeLeft UIInterfaceOrientationLandscapeRight";
				INFOPLIST_KEY_UISupportedInterfaceOrientations_iPhone = "UIInterfaceOrientationPortrait UIInterfaceOrientationLandscapeLeft UIInterfaceOrientationLandscapeRight";
				IPHONEOS_DEPLOYMENT_TARGET = 17.0;
				LD_RUNPATH_SEARCH_PATHS = "@executable_path/Frameworks";
				"LD_RUNPATH_SEARCH_PATHS[sdk=macosx*]" = "@executable_path/../Frameworks";
				MACOSX_DEPLOYMENT_TARGET = 14.4;
				MARKETING_VERSION = 1.0;
				PRODUCT_BUNDLE_IDENTIFIER = dev.rahier.chickenrush1;
				PRODUCT_NAME = "$(TARGET_NAME)";
				SDKROOT = auto;
				SUPPORTED_PLATFORMS = "iphoneos iphonesimulator";
				SUPPORTS_MACCATALYST = NO;
				SWIFT_EMIT_LOC_STRINGS = YES;
				SWIFT_VERSION = 5.0;
				TARGETED_DEVICE_FAMILY = 1;
			};
			name = Release;
		};
/* End XCBuildConfiguration section */

/* Begin XCConfigurationList section */
		647D9FBC2BA3ABF2005B6566 /* Build configuration list for PBXProject "ChickenRush" */ = {
			isa = XCConfigurationList;
			buildConfigurations = (
				647D9FCE2BA3ABF3005B6566 /* Debug */,
				647D9FCF2BA3ABF3005B6566 /* Release */,
			);
			defaultConfigurationIsVisible = 0;
			defaultConfigurationName = Release;
		};
		647D9FD02BA3ABF3005B6566 /* Build configuration list for PBXNativeTarget "ChickenRush" */ = {
			isa = XCConfigurationList;
			buildConfigurations = (
				647D9FD12BA3ABF3005B6566 /* Debug */,
				647D9FD22BA3ABF3005B6566 /* Release */,
			);
			defaultConfigurationIsVisible = 0;
			defaultConfigurationName = Release;
		};
/* End XCConfigurationList section */

/* Begin XCRemoteSwiftPackageReference section */
		6464E51A2BA5C3ED0039C387 /* XCRemoteSwiftPackageReference "firebase-ios-sdk" */ = {
			isa = XCRemoteSwiftPackageReference;
			repositoryURL = "https://github.com/firebase/firebase-ios-sdk";
			requirement = {
				kind = upToNextMajorVersion;
				minimumVersion = 10.22.1;
			};
		};
		64C21F082BA484CD003B25B3 /* XCRemoteSwiftPackageReference "swift-composable-architecture" */ = {
			isa = XCRemoteSwiftPackageReference;
			repositoryURL = "https://github.com/pointfreeco/swift-composable-architecture.git";
			requirement = {
				kind = upToNextMajorVersion;
				minimumVersion = 1.10.4;
			};
		};
/* End XCRemoteSwiftPackageReference section */

/* Begin XCSwiftPackageProductDependency section */
		6464E51B2BA5C3ED0039C387 /* FirebaseAnalytics */ = {
			isa = XCSwiftPackageProductDependency;
			package = 6464E51A2BA5C3ED0039C387 /* XCRemoteSwiftPackageReference "firebase-ios-sdk" */;
			productName = FirebaseAnalytics;
		};
		6464E51D2BA5C3ED0039C387 /* FirebaseAnalyticsSwift */ = {
			isa = XCSwiftPackageProductDependency;
			package = 6464E51A2BA5C3ED0039C387 /* XCRemoteSwiftPackageReference "firebase-ios-sdk" */;
			productName = FirebaseAnalyticsSwift;
		};
		6464E51F2BA5C3ED0039C387 /* FirebaseAuth */ = {
			isa = XCSwiftPackageProductDependency;
			package = 6464E51A2BA5C3ED0039C387 /* XCRemoteSwiftPackageReference "firebase-ios-sdk" */;
			productName = FirebaseAuth;
		};
		6464E5212BA5C3ED0039C387 /* FirebaseCrashlytics */ = {
			isa = XCSwiftPackageProductDependency;
			package = 6464E51A2BA5C3ED0039C387 /* XCRemoteSwiftPackageReference "firebase-ios-sdk" */;
			productName = FirebaseCrashlytics;
		};
		6464E5232BA5C3ED0039C387 /* FirebaseFirestore */ = {
			isa = XCSwiftPackageProductDependency;
			package = 6464E51A2BA5C3ED0039C387 /* XCRemoteSwiftPackageReference "firebase-ios-sdk" */;
			productName = FirebaseFirestore;
		};
		6464E5252BA5C3ED0039C387 /* FirebaseFirestoreCombine-Community */ = {
			isa = XCSwiftPackageProductDependency;
			package = 6464E51A2BA5C3ED0039C387 /* XCRemoteSwiftPackageReference "firebase-ios-sdk" */;
			productName = "FirebaseFirestoreCombine-Community";
		};
		6464E5272BA5C3ED0039C387 /* FirebaseFirestoreSwift */ = {
			isa = XCSwiftPackageProductDependency;
			package = 6464E51A2BA5C3ED0039C387 /* XCRemoteSwiftPackageReference "firebase-ios-sdk" */;
			productName = FirebaseFirestoreSwift;
		};
		6464E5292BA5C3ED0039C387 /* FirebaseFunctions */ = {
			isa = XCSwiftPackageProductDependency;
			package = 6464E51A2BA5C3ED0039C387 /* XCRemoteSwiftPackageReference "firebase-ios-sdk" */;
			productName = FirebaseFunctions;
		};
		6464E52B2BA5C3ED0039C387 /* FirebaseFunctionsCombine-Community */ = {
			isa = XCSwiftPackageProductDependency;
			package = 6464E51A2BA5C3ED0039C387 /* XCRemoteSwiftPackageReference "firebase-ios-sdk" */;
			productName = "FirebaseFunctionsCombine-Community";
		};
		6464E52D2BA5C3ED0039C387 /* FirebaseInAppMessaging-Beta */ = {
			isa = XCSwiftPackageProductDependency;
			package = 6464E51A2BA5C3ED0039C387 /* XCRemoteSwiftPackageReference "firebase-ios-sdk" */;
			productName = "FirebaseInAppMessaging-Beta";
		};
		64C21F092BA484CD003B25B3 /* ComposableArchitecture */ = {
			isa = XCSwiftPackageProductDependency;
			package = 64C21F082BA484CD003B25B3 /* XCRemoteSwiftPackageReference "swift-composable-architecture" */;
			productName = ComposableArchitecture;
		};
/* End XCSwiftPackageProductDependency section */
	};
	rootObject = 647D9FB92BA3ABF2005B6566 /* Project object */;
}
